// !$*UTF8*$!
{
	archiveVersion = 1;
	classes = {
	};
	objectVersion = 50;
	objects = {

/* Begin PBXBuildFile section */
		C808BBF8213F96440049B6F2 /* main.c in Sources */ = {isa = PBXBuildFile; fileRef = C808BBF7213F96440049B6F2 /* main.c */; };
		C808BBFE213F966E0049B6F2 /* queue.c in Sources */ = {isa = PBXBuildFile; fileRef = C808BBFD213F966E0049B6F2 /* queue.c */; };
		C810B0F12188B26F0080AD8C /* main.c in Sources */ = {isa = PBXBuildFile; fileRef = C810B0F02188B26F0080AD8C /* main.c */; };
		C810B0FC2188B5F00080AD8C /* main.c in Sources */ = {isa = PBXBuildFile; fileRef = C810B0FB2188B5F00080AD8C /* main.c */; };
		C82560DA21308498008DCB80 /* main.c in Sources */ = {isa = PBXBuildFile; fileRef = C82560D921308498008DCB80 /* main.c */; };
		C82560E321308731008DCB80 /* stack.c in Sources */ = {isa = PBXBuildFile; fileRef = C82560E221308731008DCB80 /* stack.c */; };
		C85CA1E4219312AD007CFB33 /* main.c in Sources */ = {isa = PBXBuildFile; fileRef = C85CA1E3219312AD007CFB33 /* main.c */; };
		C85CA1EA219312C3007CFB33 /* bstree.c in Sources */ = {isa = PBXBuildFile; fileRef = C85CA1E9219312C3007CFB33 /* bstree.c */; };
		C88186572132E56000DF0A90 /* main.c in Sources */ = {isa = PBXBuildFile; fileRef = C88186562132E56000DF0A90 /* main.c */; };
		C88186622132E98300DF0A90 /* main.c in Sources */ = {isa = PBXBuildFile; fileRef = C88186612132E98300DF0A90 /* main.c */; };
		C8A79A652148CD400024B0EB /* main.c in Sources */ = {isa = PBXBuildFile; fileRef = C8A79A642148CD400024B0EB /* main.c */; };
		C8A79A6B2148CD5F0024B0EB /* cqueue.c in Sources */ = {isa = PBXBuildFile; fileRef = C8A79A6A2148CD5F0024B0EB /* cqueue.c */; };
		C8B9A8DF216D3E03008E3A0B /* main.c in Sources */ = {isa = PBXBuildFile; fileRef = C8B9A8DE216D3E03008E3A0B /* main.c */; };
		C8B9A8E5216D3E1A008E3A0B /* linkedlist.c in Sources */ = {isa = PBXBuildFile; fileRef = C8B9A8E4216D3E1A008E3A0B /* linkedlist.c */; };
		C8D7FFBD215B40C4000E78B0 /* main.c in Sources */ = {isa = PBXBuildFile; fileRef = C8D7FFBC215B40C4000E78B0 /* main.c */; };
		C8D7FFC3215B40DC000E78B0 /* stacklist.c in Sources */ = {isa = PBXBuildFile; fileRef = C8D7FFC2215B40DC000E78B0 /* stacklist.c */; };
		C8D7FFCB215B4DEC000E78B0 /* main.c in Sources */ = {isa = PBXBuildFile; fileRef = C8D7FFCA215B4DEC000E78B0 /* main.c */; };
		C8D7FFD1215B4E4C000E78B0 /* queuelist.c in Sources */ = {isa = PBXBuildFile; fileRef = C8D7FFD0215B4E4C000E78B0 /* queuelist.c */; };
/* End PBXBuildFile section */

/* Begin PBXCopyFilesBuildPhase section */
		C808BBF3213F96440049B6F2 /* CopyFiles */ = {
			isa = PBXCopyFilesBuildPhase;
			buildActionMask = 2147483647;
			dstPath = /usr/share/man/man1/;
			dstSubfolderSpec = 0;
			files = (
			);
			runOnlyForDeploymentPostprocessing = 1;
		};
		C810B0EC2188B26F0080AD8C /* CopyFiles */ = {
			isa = PBXCopyFilesBuildPhase;
			buildActionMask = 2147483647;
			dstPath = /usr/share/man/man1/;
			dstSubfolderSpec = 0;
			files = (
			);
			runOnlyForDeploymentPostprocessing = 1;
		};
		C810B0F72188B5F00080AD8C /* CopyFiles */ = {
			isa = PBXCopyFilesBuildPhase;
			buildActionMask = 2147483647;
			dstPath = /usr/share/man/man1/;
			dstSubfolderSpec = 0;
			files = (
			);
			runOnlyForDeploymentPostprocessing = 1;
		};
		C82560D521308498008DCB80 /* CopyFiles */ = {
			isa = PBXCopyFilesBuildPhase;
			buildActionMask = 2147483647;
			dstPath = /usr/share/man/man1/;
			dstSubfolderSpec = 0;
			files = (
			);
			runOnlyForDeploymentPostprocessing = 1;
		};
		C85CA1DF219312AD007CFB33 /* CopyFiles */ = {
			isa = PBXCopyFilesBuildPhase;
			buildActionMask = 2147483647;
			dstPath = /usr/share/man/man1/;
			dstSubfolderSpec = 0;
			files = (
			);
			runOnlyForDeploymentPostprocessing = 1;
		};
		C88186522132E56000DF0A90 /* CopyFiles */ = {
			isa = PBXCopyFilesBuildPhase;
			buildActionMask = 2147483647;
			dstPath = /usr/share/man/man1/;
			dstSubfolderSpec = 0;
			files = (
			);
			runOnlyForDeploymentPostprocessing = 1;
		};
		C881865D2132E98300DF0A90 /* CopyFiles */ = {
			isa = PBXCopyFilesBuildPhase;
			buildActionMask = 2147483647;
			dstPath = /usr/share/man/man1/;
			dstSubfolderSpec = 0;
			files = (
			);
			runOnlyForDeploymentPostprocessing = 1;
		};
		C8A79A602148CD400024B0EB /* CopyFiles */ = {
			isa = PBXCopyFilesBuildPhase;
			buildActionMask = 2147483647;
			dstPath = /usr/share/man/man1/;
			dstSubfolderSpec = 0;
			files = (
			);
			runOnlyForDeploymentPostprocessing = 1;
		};
		C8B9A8DA216D3E03008E3A0B /* CopyFiles */ = {
			isa = PBXCopyFilesBuildPhase;
			buildActionMask = 2147483647;
			dstPath = /usr/share/man/man1/;
			dstSubfolderSpec = 0;
			files = (
			);
			runOnlyForDeploymentPostprocessing = 1;
		};
		C8D7FFB8215B40C4000E78B0 /* CopyFiles */ = {
			isa = PBXCopyFilesBuildPhase;
			buildActionMask = 2147483647;
			dstPath = /usr/share/man/man1/;
			dstSubfolderSpec = 0;
			files = (
			);
			runOnlyForDeploymentPostprocessing = 1;
		};
		C8D7FFC6215B4DEC000E78B0 /* CopyFiles */ = {
			isa = PBXCopyFilesBuildPhase;
			buildActionMask = 2147483647;
			dstPath = /usr/share/man/man1/;
			dstSubfolderSpec = 0;
			files = (
			);
			runOnlyForDeploymentPostprocessing = 1;
		};
/* End PBXCopyFilesBuildPhase section */

/* Begin PBXFileReference section */
		C808BBF5213F96440049B6F2 /* Queue */ = {isa = PBXFileReference; explicitFileType = "compiled.mach-o.executable"; includeInIndex = 0; path = Queue; sourceTree = BUILT_PRODUCTS_DIR; };
		C808BBF7213F96440049B6F2 /* main.c */ = {isa = PBXFileReference; lastKnownFileType = sourcecode.c.c; path = main.c; sourceTree = "<group>"; };
		C808BBFC213F966E0049B6F2 /* queue.h */ = {isa = PBXFileReference; lastKnownFileType = sourcecode.c.h; path = queue.h; sourceTree = "<group>"; };
		C808BBFD213F966E0049B6F2 /* queue.c */ = {isa = PBXFileReference; lastKnownFileType = sourcecode.c.c; path = queue.c; sourceTree = "<group>"; };
		C810B0EE2188B26F0080AD8C /* Bubble Sort */ = {isa = PBXFileReference; explicitFileType = "compiled.mach-o.executable"; includeInIndex = 0; path = "Bubble Sort"; sourceTree = BUILT_PRODUCTS_DIR; };
		C810B0F02188B26F0080AD8C /* main.c */ = {isa = PBXFileReference; lastKnownFileType = sourcecode.c.c; path = main.c; sourceTree = "<group>"; };
		C810B0F92188B5F00080AD8C /* Insertion Sort */ = {isa = PBXFileReference; explicitFileType = "compiled.mach-o.executable"; includeInIndex = 0; path = "Insertion Sort"; sourceTree = BUILT_PRODUCTS_DIR; };
		C810B0FB2188B5F00080AD8C /* main.c */ = {isa = PBXFileReference; lastKnownFileType = sourcecode.c.c; path = main.c; sourceTree = "<group>"; };
		C82560D721308498008DCB80 /* Stack */ = {isa = PBXFileReference; explicitFileType = "compiled.mach-o.executable"; includeInIndex = 0; path = Stack; sourceTree = BUILT_PRODUCTS_DIR; };
		C82560D921308498008DCB80 /* main.c */ = {isa = PBXFileReference; lastKnownFileType = sourcecode.c.c; path = main.c; sourceTree = "<group>"; };
		C82560E121308731008DCB80 /* stack.h */ = {isa = PBXFileReference; lastKnownFileType = sourcecode.c.h; path = stack.h; sourceTree = "<group>"; };
		C82560E221308731008DCB80 /* stack.c */ = {isa = PBXFileReference; lastKnownFileType = sourcecode.c.c; path = stack.c; sourceTree = "<group>"; };
		C85CA1E1219312AD007CFB33 /* BS Tree */ = {isa = PBXFileReference; explicitFileType = "compiled.mach-o.executable"; includeInIndex = 0; path = "BS Tree"; sourceTree = BUILT_PRODUCTS_DIR; };
		C85CA1E3219312AD007CFB33 /* main.c */ = {isa = PBXFileReference; lastKnownFileType = sourcecode.c.c; path = main.c; sourceTree = "<group>"; };
		C85CA1E8219312C3007CFB33 /* bstree.h */ = {isa = PBXFileReference; lastKnownFileType = sourcecode.c.h; path = bstree.h; sourceTree = "<group>"; };
		C85CA1E9219312C3007CFB33 /* bstree.c */ = {isa = PBXFileReference; lastKnownFileType = sourcecode.c.c; path = bstree.c; sourceTree = "<group>"; };
		C88186542132E56000DF0A90 /* Linear Search */ = {isa = PBXFileReference; explicitFileType = "compiled.mach-o.executable"; includeInIndex = 0; path = "Linear Search"; sourceTree = BUILT_PRODUCTS_DIR; };
		C88186562132E56000DF0A90 /* main.c */ = {isa = PBXFileReference; lastKnownFileType = sourcecode.c.c; path = main.c; sourceTree = "<group>"; };
		C881865F2132E98300DF0A90 /* Binary Search */ = {isa = PBXFileReference; explicitFileType = "compiled.mach-o.executable"; includeInIndex = 0; path = "Binary Search"; sourceTree = BUILT_PRODUCTS_DIR; };
		C88186612132E98300DF0A90 /* main.c */ = {isa = PBXFileReference; lastKnownFileType = sourcecode.c.c; path = main.c; sourceTree = "<group>"; };
		C8A79A622148CD400024B0EB /* Circular Queue */ = {isa = PBXFileReference; explicitFileType = "compiled.mach-o.executable"; includeInIndex = 0; path = "Circular Queue"; sourceTree = BUILT_PRODUCTS_DIR; };
		C8A79A642148CD400024B0EB /* main.c */ = {isa = PBXFileReference; lastKnownFileType = sourcecode.c.c; path = main.c; sourceTree = "<group>"; };
		C8A79A692148CD5F0024B0EB /* cqueue.h */ = {isa = PBXFileReference; lastKnownFileType = sourcecode.c.h; path = cqueue.h; sourceTree = "<group>"; };
		C8A79A6A2148CD5F0024B0EB /* cqueue.c */ = {isa = PBXFileReference; lastKnownFileType = sourcecode.c.c; path = cqueue.c; sourceTree = "<group>"; };
		C8B9A8DC216D3E03008E3A0B /* Linked List */ = {isa = PBXFileReference; explicitFileType = "compiled.mach-o.executable"; includeInIndex = 0; path = "Linked List"; sourceTree = BUILT_PRODUCTS_DIR; };
		C8B9A8DE216D3E03008E3A0B /* main.c */ = {isa = PBXFileReference; lastKnownFileType = sourcecode.c.c; path = main.c; sourceTree = "<group>"; };
		C8B9A8E3216D3E1A008E3A0B /* linkedlist.h */ = {isa = PBXFileReference; lastKnownFileType = sourcecode.c.h; path = linkedlist.h; sourceTree = "<group>"; };
		C8B9A8E4216D3E1A008E3A0B /* linkedlist.c */ = {isa = PBXFileReference; lastKnownFileType = sourcecode.c.c; path = linkedlist.c; sourceTree = "<group>"; };
		C8D7FFBA215B40C4000E78B0 /* Stack List */ = {isa = PBXFileReference; explicitFileType = "compiled.mach-o.executable"; includeInIndex = 0; path = "Stack List"; sourceTree = BUILT_PRODUCTS_DIR; };
		C8D7FFBC215B40C4000E78B0 /* main.c */ = {isa = PBXFileReference; lastKnownFileType = sourcecode.c.c; path = main.c; sourceTree = "<group>"; };
		C8D7FFC1215B40DC000E78B0 /* stacklist.h */ = {isa = PBXFileReference; lastKnownFileType = sourcecode.c.h; path = stacklist.h; sourceTree = "<group>"; };
		C8D7FFC2215B40DC000E78B0 /* stacklist.c */ = {isa = PBXFileReference; lastKnownFileType = sourcecode.c.c; path = stacklist.c; sourceTree = "<group>"; };
		C8D7FFC8215B4DEC000E78B0 /* Queue List */ = {isa = PBXFileReference; explicitFileType = "compiled.mach-o.executable"; includeInIndex = 0; path = "Queue List"; sourceTree = BUILT_PRODUCTS_DIR; };
		C8D7FFCA215B4DEC000E78B0 /* main.c */ = {isa = PBXFileReference; lastKnownFileType = sourcecode.c.c; path = main.c; sourceTree = "<group>"; };
		C8D7FFCF215B4E4C000E78B0 /* queuelist.h */ = {isa = PBXFileReference; lastKnownFileType = sourcecode.c.h; path = queuelist.h; sourceTree = "<group>"; };
		C8D7FFD0215B4E4C000E78B0 /* queuelist.c */ = {isa = PBXFileReference; lastKnownFileType = sourcecode.c.c; path = queuelist.c; sourceTree = "<group>"; };
/* End PBXFileReference section */

/* Begin PBXFrameworksBuildPhase section */
		C808BBF2213F96440049B6F2 /* Frameworks */ = {
			isa = PBXFrameworksBuildPhase;
			buildActionMask = 2147483647;
			files = (
			);
			runOnlyForDeploymentPostprocessing = 0;
		};
		C810B0EB2188B26F0080AD8C /* Frameworks */ = {
			isa = PBXFrameworksBuildPhase;
			buildActionMask = 2147483647;
			files = (
			);
			runOnlyForDeploymentPostprocessing = 0;
		};
		C810B0F62188B5F00080AD8C /* Frameworks */ = {
			isa = PBXFrameworksBuildPhase;
			buildActionMask = 2147483647;
			files = (
			);
			runOnlyForDeploymentPostprocessing = 0;
		};
		C82560D421308498008DCB80 /* Frameworks */ = {
			isa = PBXFrameworksBuildPhase;
			buildActionMask = 2147483647;
			files = (
			);
			runOnlyForDeploymentPostprocessing = 0;
		};
		C85CA1DE219312AD007CFB33 /* Frameworks */ = {
			isa = PBXFrameworksBuildPhase;
			buildActionMask = 2147483647;
			files = (
			);
			runOnlyForDeploymentPostprocessing = 0;
		};
		C88186512132E56000DF0A90 /* Frameworks */ = {
			isa = PBXFrameworksBuildPhase;
			buildActionMask = 2147483647;
			files = (
			);
			runOnlyForDeploymentPostprocessing = 0;
		};
		C881865C2132E98300DF0A90 /* Frameworks */ = {
			isa = PBXFrameworksBuildPhase;
			buildActionMask = 2147483647;
			files = (
			);
			runOnlyForDeploymentPostprocessing = 0;
		};
		C8A79A5F2148CD400024B0EB /* Frameworks */ = {
			isa = PBXFrameworksBuildPhase;
			buildActionMask = 2147483647;
			files = (
			);
			runOnlyForDeploymentPostprocessing = 0;
		};
		C8B9A8D9216D3E03008E3A0B /* Frameworks */ = {
			isa = PBXFrameworksBuildPhase;
			buildActionMask = 2147483647;
			files = (
			);
			runOnlyForDeploymentPostprocessing = 0;
		};
		C8D7FFB7215B40C4000E78B0 /* Frameworks */ = {
			isa = PBXFrameworksBuildPhase;
			buildActionMask = 2147483647;
			files = (
			);
			runOnlyForDeploymentPostprocessing = 0;
		};
		C8D7FFC5215B4DEC000E78B0 /* Frameworks */ = {
			isa = PBXFrameworksBuildPhase;
			buildActionMask = 2147483647;
			files = (
			);
			runOnlyForDeploymentPostprocessing = 0;
		};
/* End PBXFrameworksBuildPhase section */

/* Begin PBXGroup section */
		C808BBF6213F96440049B6F2 /* Queue */ = {
			isa = PBXGroup;
			children = (
				C808BBF7213F96440049B6F2 /* main.c */,
				C808BBFC213F966E0049B6F2 /* queue.h */,
				C808BBFD213F966E0049B6F2 /* queue.c */,
			);
			path = Queue;
			sourceTree = "<group>";
		};
		C810B0EF2188B26F0080AD8C /* Bubble Sort */ = {
			isa = PBXGroup;
			children = (
				C810B0F02188B26F0080AD8C /* main.c */,
			);
			path = "Bubble Sort";
			sourceTree = "<group>";
		};
		C810B0FA2188B5F00080AD8C /* Insertion Sort */ = {
			isa = PBXGroup;
			children = (
				C810B0FB2188B5F00080AD8C /* main.c */,
			);
			path = "Insertion Sort";
			sourceTree = "<group>";
		};
		C82560C021308454008DCB80 = {
			isa = PBXGroup;
			children = (
				C82560D821308498008DCB80 /* Stack */,
				C88186552132E56000DF0A90 /* Linear Search */,
				C88186602132E98300DF0A90 /* Binary Search */,
				C808BBF6213F96440049B6F2 /* Queue */,
				C8A79A632148CD400024B0EB /* Circular Queue */,
				C8D7FFBB215B40C4000E78B0 /* Stack List */,
				C8D7FFC9215B4DEC000E78B0 /* Queue List */,
				C8B9A8DD216D3E03008E3A0B /* Linked List */,
				C810B0EF2188B26F0080AD8C /* Bubble Sort */,
				C810B0FA2188B5F00080AD8C /* Insertion Sort */,
				C85CA1E2219312AD007CFB33 /* BS Tree */,
				C82560CA21308454008DCB80 /* Products */,
			);
			sourceTree = "<group>";
		};
		C82560CA21308454008DCB80 /* Products */ = {
			isa = PBXGroup;
			children = (
				C82560D721308498008DCB80 /* Stack */,
				C88186542132E56000DF0A90 /* Linear Search */,
				C881865F2132E98300DF0A90 /* Binary Search */,
				C808BBF5213F96440049B6F2 /* Queue */,
				C8A79A622148CD400024B0EB /* Circular Queue */,
				C8D7FFBA215B40C4000E78B0 /* Stack List */,
				C8D7FFC8215B4DEC000E78B0 /* Queue List */,
				C8B9A8DC216D3E03008E3A0B /* Linked List */,
				C810B0EE2188B26F0080AD8C /* Bubble Sort */,
				C810B0F92188B5F00080AD8C /* Insertion Sort */,
				C85CA1E1219312AD007CFB33 /* BS Tree */,
			);
			name = Products;
			sourceTree = "<group>";
		};
		C82560D821308498008DCB80 /* Stack */ = {
			isa = PBXGroup;
			children = (
				C82560D921308498008DCB80 /* main.c */,
				C82560E121308731008DCB80 /* stack.h */,
				C82560E221308731008DCB80 /* stack.c */,
			);
			path = Stack;
			sourceTree = "<group>";
		};
		C85CA1E2219312AD007CFB33 /* BS Tree */ = {
			isa = PBXGroup;
			children = (
				C85CA1E3219312AD007CFB33 /* main.c */,
				C85CA1E8219312C3007CFB33 /* bstree.h */,
				C85CA1E9219312C3007CFB33 /* bstree.c */,
			);
			path = "BS Tree";
			sourceTree = "<group>";
		};
		C88186552132E56000DF0A90 /* Linear Search */ = {
			isa = PBXGroup;
			children = (
				C88186562132E56000DF0A90 /* main.c */,
			);
			path = "Linear Search";
			sourceTree = "<group>";
		};
		C88186602132E98300DF0A90 /* Binary Search */ = {
			isa = PBXGroup;
			children = (
				C88186612132E98300DF0A90 /* main.c */,
			);
			path = "Binary Search";
			sourceTree = "<group>";
		};
		C8A79A632148CD400024B0EB /* Circular Queue */ = {
			isa = PBXGroup;
			children = (
				C8A79A642148CD400024B0EB /* main.c */,
				C8A79A692148CD5F0024B0EB /* cqueue.h */,
				C8A79A6A2148CD5F0024B0EB /* cqueue.c */,
			);
			path = "Circular Queue";
			sourceTree = "<group>";
		};
		C8B9A8DD216D3E03008E3A0B /* Linked List */ = {
			isa = PBXGroup;
			children = (
				C8B9A8DE216D3E03008E3A0B /* main.c */,
				C8B9A8E3216D3E1A008E3A0B /* linkedlist.h */,
				C8B9A8E4216D3E1A008E3A0B /* linkedlist.c */,
			);
			path = "Linked List";
			sourceTree = "<group>";
		};
		C8D7FFBB215B40C4000E78B0 /* Stack List */ = {
			isa = PBXGroup;
			children = (
				C8D7FFBC215B40C4000E78B0 /* main.c */,
				C8D7FFC1215B40DC000E78B0 /* stacklist.h */,
				C8D7FFC2215B40DC000E78B0 /* stacklist.c */,
			);
			path = "Stack List";
			sourceTree = "<group>";
		};
		C8D7FFC9215B4DEC000E78B0 /* Queue List */ = {
			isa = PBXGroup;
			children = (
				C8D7FFCA215B4DEC000E78B0 /* main.c */,
				C8D7FFCF215B4E4C000E78B0 /* queuelist.h */,
				C8D7FFD0215B4E4C000E78B0 /* queuelist.c */,
			);
			path = "Queue List";
			sourceTree = "<group>";
		};
/* End PBXGroup section */

/* Begin PBXNativeTarget section */
		C808BBF4213F96440049B6F2 /* Queue */ = {
			isa = PBXNativeTarget;
			buildConfigurationList = C808BBFB213F96440049B6F2 /* Build configuration list for PBXNativeTarget "Queue" */;
			buildPhases = (
				C808BBF1213F96440049B6F2 /* Sources */,
				C808BBF2213F96440049B6F2 /* Frameworks */,
				C808BBF3213F96440049B6F2 /* CopyFiles */,
			);
			buildRules = (
			);
			dependencies = (
			);
			name = Queue;
			productName = Queue;
			productReference = C808BBF5213F96440049B6F2 /* Queue */;
			productType = "com.apple.product-type.tool";
		};
		C810B0ED2188B26F0080AD8C /* Bubble Sort */ = {
			isa = PBXNativeTarget;
			buildConfigurationList = C810B0F42188B26F0080AD8C /* Build configuration list for PBXNativeTarget "Bubble Sort" */;
			buildPhases = (
				C810B0EA2188B26F0080AD8C /* Sources */,
				C810B0EB2188B26F0080AD8C /* Frameworks */,
				C810B0EC2188B26F0080AD8C /* CopyFiles */,
			);
			buildRules = (
			);
			dependencies = (
			);
			name = "Bubble Sort";
			productName = "Bubble Sort";
			productReference = C810B0EE2188B26F0080AD8C /* Bubble Sort */;
			productType = "com.apple.product-type.tool";
		};
		C810B0F82188B5F00080AD8C /* Insertion Sort */ = {
			isa = PBXNativeTarget;
			buildConfigurationList = C810B0FD2188B5F00080AD8C /* Build configuration list for PBXNativeTarget "Insertion Sort" */;
			buildPhases = (
				C810B0F52188B5F00080AD8C /* Sources */,
				C810B0F62188B5F00080AD8C /* Frameworks */,
				C810B0F72188B5F00080AD8C /* CopyFiles */,
			);
			buildRules = (
			);
			dependencies = (
			);
			name = "Insertion Sort";
			productName = "Insertion Sort";
			productReference = C810B0F92188B5F00080AD8C /* Insertion Sort */;
			productType = "com.apple.product-type.tool";
		};
		C82560D621308498008DCB80 /* Stack */ = {
			isa = PBXNativeTarget;
			buildConfigurationList = C82560DB21308498008DCB80 /* Build configuration list for PBXNativeTarget "Stack" */;
			buildPhases = (
				C82560D321308498008DCB80 /* Sources */,
				C82560D421308498008DCB80 /* Frameworks */,
				C82560D521308498008DCB80 /* CopyFiles */,
			);
			buildRules = (
			);
			dependencies = (
			);
			name = Stack;
			productName = Stack;
			productReference = C82560D721308498008DCB80 /* Stack */;
			productType = "com.apple.product-type.tool";
		};
		C85CA1E0219312AD007CFB33 /* BS Tree */ = {
			isa = PBXNativeTarget;
			buildConfigurationList = C85CA1E7219312AD007CFB33 /* Build configuration list for PBXNativeTarget "BS Tree" */;
			buildPhases = (
				C85CA1DD219312AD007CFB33 /* Sources */,
				C85CA1DE219312AD007CFB33 /* Frameworks */,
				C85CA1DF219312AD007CFB33 /* CopyFiles */,
			);
			buildRules = (
			);
			dependencies = (
			);
			name = "BS Tree";
			productName = "BS Tree";
			productReference = C85CA1E1219312AD007CFB33 /* BS Tree */;
			productType = "com.apple.product-type.tool";
		};
		C88186532132E56000DF0A90 /* Linear Search */ = {
			isa = PBXNativeTarget;
			buildConfigurationList = C881865A2132E56000DF0A90 /* Build configuration list for PBXNativeTarget "Linear Search" */;
			buildPhases = (
				C88186502132E56000DF0A90 /* Sources */,
				C88186512132E56000DF0A90 /* Frameworks */,
				C88186522132E56000DF0A90 /* CopyFiles */,
			);
			buildRules = (
			);
			dependencies = (
			);
			name = "Linear Search";
			productName = "Linear Search";
			productReference = C88186542132E56000DF0A90 /* Linear Search */;
			productType = "com.apple.product-type.tool";
		};
		C881865E2132E98300DF0A90 /* Binary Search */ = {
			isa = PBXNativeTarget;
			buildConfigurationList = C88186632132E98300DF0A90 /* Build configuration list for PBXNativeTarget "Binary Search" */;
			buildPhases = (
				C881865B2132E98300DF0A90 /* Sources */,
				C881865C2132E98300DF0A90 /* Frameworks */,
				C881865D2132E98300DF0A90 /* CopyFiles */,
			);
			buildRules = (
			);
			dependencies = (
			);
			name = "Binary Search";
			productName = "Binary Search";
			productReference = C881865F2132E98300DF0A90 /* Binary Search */;
			productType = "com.apple.product-type.tool";
		};
		C8A79A612148CD400024B0EB /* Circular Queue */ = {
			isa = PBXNativeTarget;
			buildConfigurationList = C8A79A662148CD400024B0EB /* Build configuration list for PBXNativeTarget "Circular Queue" */;
			buildPhases = (
				C8A79A5E2148CD400024B0EB /* Sources */,
				C8A79A5F2148CD400024B0EB /* Frameworks */,
				C8A79A602148CD400024B0EB /* CopyFiles */,
			);
			buildRules = (
			);
			dependencies = (
			);
			name = "Circular Queue";
			productName = "Circular Queue";
			productReference = C8A79A622148CD400024B0EB /* Circular Queue */;
			productType = "com.apple.product-type.tool";
		};
		C8B9A8DB216D3E03008E3A0B /* Linked List */ = {
			isa = PBXNativeTarget;
			buildConfigurationList = C8B9A8E2216D3E03008E3A0B /* Build configuration list for PBXNativeTarget "Linked List" */;
			buildPhases = (
				C8B9A8D8216D3E03008E3A0B /* Sources */,
				C8B9A8D9216D3E03008E3A0B /* Frameworks */,
				C8B9A8DA216D3E03008E3A0B /* CopyFiles */,
			);
			buildRules = (
			);
			dependencies = (
			);
			name = "Linked List";
			productName = "Linked List";
			productReference = C8B9A8DC216D3E03008E3A0B /* Linked List */;
			productType = "com.apple.product-type.tool";
		};
		C8D7FFB9215B40C4000E78B0 /* Stack List */ = {
			isa = PBXNativeTarget;
			buildConfigurationList = C8D7FFC0215B40C4000E78B0 /* Build configuration list for PBXNativeTarget "Stack List" */;
			buildPhases = (
				C8D7FFB6215B40C4000E78B0 /* Sources */,
				C8D7FFB7215B40C4000E78B0 /* Frameworks */,
				C8D7FFB8215B40C4000E78B0 /* CopyFiles */,
			);
			buildRules = (
			);
			dependencies = (
			);
			name = "Stack List";
			productName = "Stack List";
			productReference = C8D7FFBA215B40C4000E78B0 /* Stack List */;
			productType = "com.apple.product-type.tool";
		};
		C8D7FFC7215B4DEC000E78B0 /* Queue List */ = {
			isa = PBXNativeTarget;
			buildConfigurationList = C8D7FFCC215B4DEC000E78B0 /* Build configuration list for PBXNativeTarget "Queue List" */;
			buildPhases = (
				C8D7FFC4215B4DEC000E78B0 /* Sources */,
				C8D7FFC5215B4DEC000E78B0 /* Frameworks */,
				C8D7FFC6215B4DEC000E78B0 /* CopyFiles */,
			);
			buildRules = (
			);
			dependencies = (
			);
			name = "Queue List";
			productName = "Queue List";
			productReference = C8D7FFC8215B4DEC000E78B0 /* Queue List */;
			productType = "com.apple.product-type.tool";
		};
/* End PBXNativeTarget section */

/* Begin PBXProject section */
		C82560C121308454008DCB80 /* Project object */ = {
			isa = PBXProject;
			attributes = {
				LastUpgradeCheck = 0940;
				ORGANIZATIONNAME = "Swarup Ghosh";
				TargetAttributes = {
					C808BBF4213F96440049B6F2 = {
						CreatedOnToolsVersion = 9.4.1;
					};
					C810B0ED2188B26F0080AD8C = {
						CreatedOnToolsVersion = 10.0;
					};
					C810B0F82188B5F00080AD8C = {
						CreatedOnToolsVersion = 10.0;
					};
					C82560D621308498008DCB80 = {
						CreatedOnToolsVersion = 9.4.1;
					};
					C85CA1E0219312AD007CFB33 = {
						CreatedOnToolsVersion = 10.0;
					};
					C88186532132E56000DF0A90 = {
						CreatedOnToolsVersion = 9.4.1;
					};
					C881865E2132E98300DF0A90 = {
						CreatedOnToolsVersion = 9.4.1;
					};
					C8A79A612148CD400024B0EB = {
						CreatedOnToolsVersion = 9.4.1;
					};
					C8B9A8DB216D3E03008E3A0B = {
						CreatedOnToolsVersion = 9.4.1;
					};
					C8D7FFB9215B40C4000E78B0 = {
						CreatedOnToolsVersion = 9.4.1;
					};
					C8D7FFC7215B4DEC000E78B0 = {
						CreatedOnToolsVersion = 9.4.1;
					};
				};
			};
			buildConfigurationList = C82560C421308454008DCB80 /* Build configuration list for PBXProject "DSA" */;
			compatibilityVersion = "Xcode 9.3";
			developmentRegion = en;
			hasScannedForEncodings = 0;
			knownRegions = (
				en,
			);
			mainGroup = C82560C021308454008DCB80;
			productRefGroup = C82560CA21308454008DCB80 /* Products */;
			projectDirPath = "";
			projectRoot = "";
			targets = (
				C82560D621308498008DCB80 /* Stack */,
				C88186532132E56000DF0A90 /* Linear Search */,
				C881865E2132E98300DF0A90 /* Binary Search */,
				C808BBF4213F96440049B6F2 /* Queue */,
				C8A79A612148CD400024B0EB /* Circular Queue */,
				C8D7FFB9215B40C4000E78B0 /* Stack List */,
				C8D7FFC7215B4DEC000E78B0 /* Queue List */,
				C8B9A8DB216D3E03008E3A0B /* Linked List */,
				C810B0ED2188B26F0080AD8C /* Bubble Sort */,
				C810B0F82188B5F00080AD8C /* Insertion Sort */,
				C85CA1E0219312AD007CFB33 /* BS Tree */,
			);
		};
/* End PBXProject section */

/* Begin PBXSourcesBuildPhase section */
		C808BBF1213F96440049B6F2 /* Sources */ = {
			isa = PBXSourcesBuildPhase;
			buildActionMask = 2147483647;
			files = (
				C808BBF8213F96440049B6F2 /* main.c in Sources */,
				C808BBFE213F966E0049B6F2 /* queue.c in Sources */,
			);
			runOnlyForDeploymentPostprocessing = 0;
		};
		C810B0EA2188B26F0080AD8C /* Sources */ = {
			isa = PBXSourcesBuildPhase;
			buildActionMask = 2147483647;
			files = (
				C810B0F12188B26F0080AD8C /* main.c in Sources */,
			);
			runOnlyForDeploymentPostprocessing = 0;
		};
		C810B0F52188B5F00080AD8C /* Sources */ = {
			isa = PBXSourcesBuildPhase;
			buildActionMask = 2147483647;
			files = (
				C810B0FC2188B5F00080AD8C /* main.c in Sources */,
			);
			runOnlyForDeploymentPostprocessing = 0;
		};
		C82560D321308498008DCB80 /* Sources */ = {
			isa = PBXSourcesBuildPhase;
			buildActionMask = 2147483647;
			files = (
				C82560E321308731008DCB80 /* stack.c in Sources */,
				C82560DA21308498008DCB80 /* main.c in Sources */,
			);
			runOnlyForDeploymentPostprocessing = 0;
		};
		C85CA1DD219312AD007CFB33 /* Sources */ = {
			isa = PBXSourcesBuildPhase;
			buildActionMask = 2147483647;
			files = (
				C85CA1EA219312C3007CFB33 /* bstree.c in Sources */,
				C85CA1E4219312AD007CFB33 /* main.c in Sources */,
			);
			runOnlyForDeploymentPostprocessing = 0;
		};
		C88186502132E56000DF0A90 /* Sources */ = {
			isa = PBXSourcesBuildPhase;
			buildActionMask = 2147483647;
			files = (
				C88186572132E56000DF0A90 /* main.c in Sources */,
			);
			runOnlyForDeploymentPostprocessing = 0;
		};
		C881865B2132E98300DF0A90 /* Sources */ = {
			isa = PBXSourcesBuildPhase;
			buildActionMask = 2147483647;
			files = (
				C88186622132E98300DF0A90 /* main.c in Sources */,
			);
			runOnlyForDeploymentPostprocessing = 0;
		};
		C8A79A5E2148CD400024B0EB /* Sources */ = {
			isa = PBXSourcesBuildPhase;
			buildActionMask = 2147483647;
			files = (
				C8A79A652148CD400024B0EB /* main.c in Sources */,
				C8A79A6B2148CD5F0024B0EB /* cqueue.c in Sources */,
			);
			runOnlyForDeploymentPostprocessing = 0;
		};
		C8B9A8D8216D3E03008E3A0B /* Sources */ = {
			isa = PBXSourcesBuildPhase;
			buildActionMask = 2147483647;
			files = (
				C8B9A8E5216D3E1A008E3A0B /* linkedlist.c in Sources */,
				C8B9A8DF216D3E03008E3A0B /* main.c in Sources */,
			);
			runOnlyForDeploymentPostprocessing = 0;
		};
		C8D7FFB6215B40C4000E78B0 /* Sources */ = {
			isa = PBXSourcesBuildPhase;
			buildActionMask = 2147483647;
			files = (
				C8D7FFC3215B40DC000E78B0 /* stacklist.c in Sources */,
				C8D7FFBD215B40C4000E78B0 /* main.c in Sources */,
			);
			runOnlyForDeploymentPostprocessing = 0;
		};
		C8D7FFC4215B4DEC000E78B0 /* Sources */ = {
			isa = PBXSourcesBuildPhase;
			buildActionMask = 2147483647;
			files = (
				C8D7FFCB215B4DEC000E78B0 /* main.c in Sources */,
				C8D7FFD1215B4E4C000E78B0 /* queuelist.c in Sources */,
			);
			runOnlyForDeploymentPostprocessing = 0;
		};
/* End PBXSourcesBuildPhase section */

/* Begin XCBuildConfiguration section */
		C808BBF9213F96440049B6F2 /* Debug */ = {
			isa = XCBuildConfiguration;
			buildSettings = {
				CODE_SIGN_STYLE = Automatic;
				DEVELOPMENT_TEAM = 687NW7TG3Z;
				PRODUCT_NAME = "$(TARGET_NAME)";
			};
			name = Debug;
		};
		C808BBFA213F96440049B6F2 /* Release */ = {
			isa = XCBuildConfiguration;
			buildSettings = {
				CODE_SIGN_STYLE = Automatic;
				DEVELOPMENT_TEAM = 687NW7TG3Z;
				PRODUCT_NAME = "$(TARGET_NAME)";
			};
			name = Release;
		};
		C810B0F22188B26F0080AD8C /* Debug */ = {
			isa = XCBuildConfiguration;
			buildSettings = {
				CODE_SIGN_STYLE = Automatic;
				DEVELOPMENT_TEAM = 687NW7TG3Z;
				MACOSX_DEPLOYMENT_TARGET = 10.14;
				MTL_ENABLE_DEBUG_INFO = INCLUDE_SOURCE;
				MTL_FAST_MATH = YES;
				PRODUCT_NAME = "$(TARGET_NAME)";
			};
			name = Debug;
		};
		C810B0F32188B26F0080AD8C /* Release */ = {
			isa = XCBuildConfiguration;
			buildSettings = {
				CODE_SIGN_STYLE = Automatic;
				DEVELOPMENT_TEAM = 687NW7TG3Z;
				MACOSX_DEPLOYMENT_TARGET = 10.14;
				MTL_FAST_MATH = YES;
				PRODUCT_NAME = "$(TARGET_NAME)";
			};
			name = Release;
		};
		C810B0FE2188B5F00080AD8C /* Debug */ = {
			isa = XCBuildConfiguration;
			buildSettings = {
				CODE_SIGN_STYLE = Automatic;
				DEVELOPMENT_TEAM = 687NW7TG3Z;
				MACOSX_DEPLOYMENT_TARGET = 10.14;
				MTL_ENABLE_DEBUG_INFO = INCLUDE_SOURCE;
				MTL_FAST_MATH = YES;
				PRODUCT_NAME = "$(TARGET_NAME)";
			};
			name = Debug;
		};
		C810B0FF2188B5F00080AD8C /* Release */ = {
			isa = XCBuildConfiguration;
			buildSettings = {
				CODE_SIGN_STYLE = Automatic;
				DEVELOPMENT_TEAM = 687NW7TG3Z;
				MACOSX_DEPLOYMENT_TARGET = 10.14;
				MTL_FAST_MATH = YES;
				PRODUCT_NAME = "$(TARGET_NAME)";
			};
			name = Release;
		};
		C82560CE21308454008DCB80 /* Debug */ = {
			isa = XCBuildConfiguration;
			buildSettings = {
				ALWAYS_SEARCH_USER_PATHS = NO;
				CLANG_ANALYZER_NONNULL = YES;
				CLANG_ANALYZER_NUMBER_OBJECT_CONVERSION = YES_AGGRESSIVE;
				CLANG_CXX_LANGUAGE_STANDARD = "gnu++14";
				CLANG_CXX_LIBRARY = "libc++";
				CLANG_ENABLE_MODULES = YES;
				CLANG_ENABLE_OBJC_ARC = YES;
				CLANG_ENABLE_OBJC_WEAK = YES;
				CLANG_WARN_BLOCK_CAPTURE_AUTORELEASING = YES;
				CLANG_WARN_BOOL_CONVERSION = YES;
				CLANG_WARN_COMMA = YES;
				CLANG_WARN_CONSTANT_CONVERSION = YES;
				CLANG_WARN_DEPRECATED_OBJC_IMPLEMENTATIONS = YES;
				CLANG_WARN_DIRECT_OBJC_ISA_USAGE = YES_ERROR;
				CLANG_WARN_DOCUMENTATION_COMMENTS = YES;
				CLANG_WARN_EMPTY_BODY = YES;
				CLANG_WARN_ENUM_CONVERSION = YES;
				CLANG_WARN_INFINITE_RECURSION = YES;
				CLANG_WARN_INT_CONVERSION = YES;
				CLANG_WARN_NON_LITERAL_NULL_CONVERSION = YES;
				CLANG_WARN_OBJC_IMPLICIT_RETAIN_SELF = YES;
				CLANG_WARN_OBJC_LITERAL_CONVERSION = YES;
				CLANG_WARN_OBJC_ROOT_CLASS = YES_ERROR;
				CLANG_WARN_RANGE_LOOP_ANALYSIS = YES;
				CLANG_WARN_STRICT_PROTOTYPES = YES;
				CLANG_WARN_SUSPICIOUS_MOVE = YES;
				CLANG_WARN_UNGUARDED_AVAILABILITY = YES_AGGRESSIVE;
				CLANG_WARN_UNREACHABLE_CODE = YES;
				CLANG_WARN__DUPLICATE_METHOD_MATCH = YES;
				CODE_SIGN_IDENTITY = "Mac Developer";
				COPY_PHASE_STRIP = NO;
				DEBUG_INFORMATION_FORMAT = dwarf;
				ENABLE_STRICT_OBJC_MSGSEND = YES;
				ENABLE_TESTABILITY = YES;
				GCC_C_LANGUAGE_STANDARD = gnu11;
				GCC_DYNAMIC_NO_PIC = NO;
				GCC_NO_COMMON_BLOCKS = YES;
				GCC_OPTIMIZATION_LEVEL = 0;
				GCC_PREPROCESSOR_DEFINITIONS = (
					"DEBUG=1",
					"$(inherited)",
				);
				GCC_WARN_64_TO_32_BIT_CONVERSION = YES;
				GCC_WARN_ABOUT_RETURN_TYPE = YES_ERROR;
				GCC_WARN_UNDECLARED_SELECTOR = YES;
				GCC_WARN_UNINITIALIZED_AUTOS = YES_AGGRESSIVE;
				GCC_WARN_UNUSED_FUNCTION = YES;
				GCC_WARN_UNUSED_VARIABLE = YES;
				MACOSX_DEPLOYMENT_TARGET = 10.13;
				MTL_ENABLE_DEBUG_INFO = YES;
				ONLY_ACTIVE_ARCH = YES;
				SDKROOT = macosx;
			};
			name = Debug;
		};
		C82560CF21308454008DCB80 /* Release */ = {
			isa = XCBuildConfiguration;
			buildSettings = {
				ALWAYS_SEARCH_USER_PATHS = NO;
				CLANG_ANALYZER_NONNULL = YES;
				CLANG_ANALYZER_NUMBER_OBJECT_CONVERSION = YES_AGGRESSIVE;
				CLANG_CXX_LANGUAGE_STANDARD = "gnu++14";
				CLANG_CXX_LIBRARY = "libc++";
				CLANG_ENABLE_MODULES = YES;
				CLANG_ENABLE_OBJC_ARC = YES;
				CLANG_ENABLE_OBJC_WEAK = YES;
				CLANG_WARN_BLOCK_CAPTURE_AUTORELEASING = YES;
				CLANG_WARN_BOOL_CONVERSION = YES;
				CLANG_WARN_COMMA = YES;
				CLANG_WARN_CONSTANT_CONVERSION = YES;
				CLANG_WARN_DEPRECATED_OBJC_IMPLEMENTATIONS = YES;
				CLANG_WARN_DIRECT_OBJC_ISA_USAGE = YES_ERROR;
				CLANG_WARN_DOCUMENTATION_COMMENTS = YES;
				CLANG_WARN_EMPTY_BODY = YES;
				CLANG_WARN_ENUM_CONVERSION = YES;
				CLANG_WARN_INFINITE_RECURSION = YES;
				CLANG_WARN_INT_CONVERSION = YES;
				CLANG_WARN_NON_LITERAL_NULL_CONVERSION = YES;
				CLANG_WARN_OBJC_IMPLICIT_RETAIN_SELF = YES;
				CLANG_WARN_OBJC_LITERAL_CONVERSION = YES;
				CLANG_WARN_OBJC_ROOT_CLASS = YES_ERROR;
				CLANG_WARN_RANGE_LOOP_ANALYSIS = YES;
				CLANG_WARN_STRICT_PROTOTYPES = YES;
				CLANG_WARN_SUSPICIOUS_MOVE = YES;
				CLANG_WARN_UNGUARDED_AVAILABILITY = YES_AGGRESSIVE;
				CLANG_WARN_UNREACHABLE_CODE = YES;
				CLANG_WARN__DUPLICATE_METHOD_MATCH = YES;
				CODE_SIGN_IDENTITY = "Mac Developer";
				COPY_PHASE_STRIP = NO;
				DEBUG_INFORMATION_FORMAT = "dwarf-with-dsym";
				ENABLE_NS_ASSERTIONS = NO;
				ENABLE_STRICT_OBJC_MSGSEND = YES;
				GCC_C_LANGUAGE_STANDARD = gnu11;
				GCC_NO_COMMON_BLOCKS = YES;
				GCC_WARN_64_TO_32_BIT_CONVERSION = YES;
				GCC_WARN_ABOUT_RETURN_TYPE = YES_ERROR;
				GCC_WARN_UNDECLARED_SELECTOR = YES;
				GCC_WARN_UNINITIALIZED_AUTOS = YES_AGGRESSIVE;
				GCC_WARN_UNUSED_FUNCTION = YES;
				GCC_WARN_UNUSED_VARIABLE = YES;
				MACOSX_DEPLOYMENT_TARGET = 10.13;
				MTL_ENABLE_DEBUG_INFO = NO;
				SDKROOT = macosx;
			};
			name = Release;
		};
		C82560DC21308498008DCB80 /* Debug */ = {
			isa = XCBuildConfiguration;
			buildSettings = {
				CODE_SIGN_STYLE = Automatic;
				DEVELOPMENT_TEAM = 687NW7TG3Z;
				PRODUCT_NAME = "$(TARGET_NAME)";
			};
			name = Debug;
		};
		C82560DD21308498008DCB80 /* Release */ = {
			isa = XCBuildConfiguration;
			buildSettings = {
				CODE_SIGN_STYLE = Automatic;
				DEVELOPMENT_TEAM = 687NW7TG3Z;
				PRODUCT_NAME = "$(TARGET_NAME)";
			};
			name = Release;
		};
		C85CA1E5219312AD007CFB33 /* Debug */ = {
			isa = XCBuildConfiguration;
			buildSettings = {
				CODE_SIGN_STYLE = Automatic;
				DEVELOPMENT_TEAM = 687NW7TG3Z;
				MACOSX_DEPLOYMENT_TARGET = 10.14;
				MTL_ENABLE_DEBUG_INFO = INCLUDE_SOURCE;
				MTL_FAST_MATH = YES;
				PRODUCT_NAME = "$(TARGET_NAME)";
			};
			name = Debug;
		};
		C85CA1E6219312AD007CFB33 /* Release */ = {
			isa = XCBuildConfiguration;
			buildSettings = {
				CODE_SIGN_STYLE = Automatic;
				DEVELOPMENT_TEAM = 687NW7TG3Z;
				MACOSX_DEPLOYMENT_TARGET = 10.14;
				MTL_FAST_MATH = YES;
				PRODUCT_NAME = "$(TARGET_NAME)";
			};
			name = Release;
		};
		C88186582132E56000DF0A90 /* Debug */ = {
			isa = XCBuildConfiguration;
			buildSettings = {
				CODE_SIGN_STYLE = Automatic;
				DEVELOPMENT_TEAM = 687NW7TG3Z;
				PRODUCT_NAME = "$(TARGET_NAME)";
			};
			name = Debug;
		};
		C88186592132E56000DF0A90 /* Release */ = {
			isa = XCBuildConfiguration;
			buildSettings = {
				CODE_SIGN_STYLE = Automatic;
				DEVELOPMENT_TEAM = 687NW7TG3Z;
				PRODUCT_NAME = "$(TARGET_NAME)";
			};
			name = Release;
		};
		C88186642132E98300DF0A90 /* Debug */ = {
			isa = XCBuildConfiguration;
			buildSettings = {
				CODE_SIGN_STYLE = Automatic;
				DEVELOPMENT_TEAM = 687NW7TG3Z;
				PRODUCT_NAME = "$(TARGET_NAME)";
			};
			name = Debug;
		};
		C88186652132E98300DF0A90 /* Release */ = {
			isa = XCBuildConfiguration;
			buildSettings = {
				CODE_SIGN_STYLE = Automatic;
				DEVELOPMENT_TEAM = 687NW7TG3Z;
				PRODUCT_NAME = "$(TARGET_NAME)";
			};
			name = Release;
		};
		C8A79A672148CD400024B0EB /* Debug */ = {
			isa = XCBuildConfiguration;
			buildSettings = {
				CODE_SIGN_STYLE = Automatic;
				DEVELOPMENT_TEAM = 687NW7TG3Z;
				PRODUCT_NAME = "$(TARGET_NAME)";
			};
			name = Debug;
		};
		C8A79A682148CD400024B0EB /* Release */ = {
			isa = XCBuildConfiguration;
			buildSettings = {
				CODE_SIGN_STYLE = Automatic;
				DEVELOPMENT_TEAM = 687NW7TG3Z;
				PRODUCT_NAME = "$(TARGET_NAME)";
			};
			name = Release;
		};
		C8B9A8E0216D3E03008E3A0B /* Debug */ = {
			isa = XCBuildConfiguration;
			buildSettings = {
				CODE_SIGN_STYLE = Automatic;
				DEVELOPMENT_TEAM = 687NW7TG3Z;
				MACOSX_DEPLOYMENT_TARGET = 10.14;
				PRODUCT_NAME = "$(TARGET_NAME)";
			};
			name = Debug;
		};
		C8B9A8E1216D3E03008E3A0B /* Release */ = {
			isa = XCBuildConfiguration;
			buildSettings = {
				CODE_SIGN_STYLE = Automatic;
				DEVELOPMENT_TEAM = 687NW7TG3Z;
				MACOSX_DEPLOYMENT_TARGET = 10.14;
				PRODUCT_NAME = "$(TARGET_NAME)";
			};
			name = Release;
		};
		C8D7FFBE215B40C4000E78B0 /* Debug */ = {
			isa = XCBuildConfiguration;
			buildSettings = {
				CODE_SIGN_STYLE = Automatic;
				DEVELOPMENT_TEAM = 687NW7TG3Z;
				PRODUCT_NAME = "$(TARGET_NAME)";
			};
			name = Debug;
		};
		C8D7FFBF215B40C4000E78B0 /* Release */ = {
			isa = XCBuildConfiguration;
			buildSettings = {
				CODE_SIGN_STYLE = Automatic;
				DEVELOPMENT_TEAM = 687NW7TG3Z;
				PRODUCT_NAME = "$(TARGET_NAME)";
			};
			name = Release;
		};
		C8D7FFCD215B4DEC000E78B0 /* Debug */ = {
			isa = XCBuildConfiguration;
			buildSettings = {
				CODE_SIGN_STYLE = Automatic;
				DEVELOPMENT_TEAM = 687NW7TG3Z;
				PRODUCT_NAME = "$(TARGET_NAME)";
			};
			name = Debug;
		};
		C8D7FFCE215B4DEC000E78B0 /* Release */ = {
			isa = XCBuildConfiguration;
			buildSettings = {
				CODE_SIGN_STYLE = Automatic;
				DEVELOPMENT_TEAM = 687NW7TG3Z;
				PRODUCT_NAME = "$(TARGET_NAME)";
			};
			name = Release;
		};
/* End XCBuildConfiguration section */

/* Begin XCConfigurationList section */
		C808BBFB213F96440049B6F2 /* Build configuration list for PBXNativeTarget "Queue" */ = {
			isa = XCConfigurationList;
			buildConfigurations = (
				C808BBF9213F96440049B6F2 /* Debug */,
				C808BBFA213F96440049B6F2 /* Release */,
			);
			defaultConfigurationIsVisible = 0;
			defaultConfigurationName = Release;
		};
		C810B0F42188B26F0080AD8C /* Build configuration list for PBXNativeTarget "Bubble Sort" */ = {
			isa = XCConfigurationList;
			buildConfigurations = (
				C810B0F22188B26F0080AD8C /* Debug */,
				C810B0F32188B26F0080AD8C /* Release */,
			);
			defaultConfigurationIsVisible = 0;
			defaultConfigurationName = Release;
		};
		C810B0FD2188B5F00080AD8C /* Build configuration list for PBXNativeTarget "Insertion Sort" */ = {
			isa = XCConfigurationList;
			buildConfigurations = (
				C810B0FE2188B5F00080AD8C /* Debug */,
				C810B0FF2188B5F00080AD8C /* Release */,
			);
			defaultConfigurationIsVisible = 0;
			defaultConfigurationName = Release;
		};
		C82560C421308454008DCB80 /* Build configuration list for PBXProject "DSA" */ = {
			isa = XCConfigurationList;
			buildConfigurations = (
				C82560CE21308454008DCB80 /* Debug */,
				C82560CF21308454008DCB80 /* Release */,
			);
			defaultConfigurationIsVisible = 0;
			defaultConfigurationName = Release;
		};
		C82560DB21308498008DCB80 /* Build configuration list for PBXNativeTarget "Stack" */ = {
			isa = XCConfigurationList;
			buildConfigurations = (
				C82560DC21308498008DCB80 /* Debug */,
				C82560DD21308498008DCB80 /* Release */,
			);
			defaultConfigurationIsVisible = 0;
			defaultConfigurationName = Release;
		};
		C85CA1E7219312AD007CFB33 /* Build configuration list for PBXNativeTarget "BS Tree" */ = {
			isa = XCConfigurationList;
			buildConfigurations = (
				C85CA1E5219312AD007CFB33 /* Debug */,
				C85CA1E6219312AD007CFB33 /* Release */,
			);
			defaultConfigurationIsVisible = 0;
			defaultConfigurationName = Release;
		};
		C881865A2132E56000DF0A90 /* Build configuration list for PBXNativeTarget "Linear Search" */ = {
			isa = XCConfigurationList;
			buildConfigurations = (
				C88186582132E56000DF0A90 /* Debug */,
				C88186592132E56000DF0A90 /* Release */,
			);
			defaultConfigurationIsVisible = 0;
			defaultConfigurationName = Release;
		};
		C88186632132E98300DF0A90 /* Build configuration list for PBXNativeTarget "Binary Search" */ = {
			isa = XCConfigurationList;
			buildConfigurations = (
				C88186642132E98300DF0A90 /* Debug */,
				C88186652132E98300DF0A90 /* Release */,
			);
			defaultConfigurationIsVisible = 0;
			defaultConfigurationName = Release;
		};
		C8A79A662148CD400024B0EB /* Build configuration list for PBXNativeTarget "Circular Queue" */ = {
			isa = XCConfigurationList;
			buildConfigurations = (
				C8A79A672148CD400024B0EB /* Debug */,
				C8A79A682148CD400024B0EB /* Release */,
			);
			defaultConfigurationIsVisible = 0;
			defaultConfigurationName = Release;
		};
		C8B9A8E2216D3E03008E3A0B /* Build configuration list for PBXNativeTarget "Linked List" */ = {
			isa = XCConfigurationList;
			buildConfigurations = (
				C8B9A8E0216D3E03008E3A0B /* Debug */,
				C8B9A8E1216D3E03008E3A0B /* Release */,
			);
			defaultConfigurationIsVisible = 0;
			defaultConfigurationName = Release;
		};
		C8D7FFC0215B40C4000E78B0 /* Build configuration list for PBXNativeTarget "Stack List" */ = {
			isa = XCConfigurationList;
			buildConfigurations = (
				C8D7FFBE215B40C4000E78B0 /* Debug */,
				C8D7FFBF215B40C4000E78B0 /* Release */,
			);
			defaultConfigurationIsVisible = 0;
			defaultConfigurationName = Release;
		};
		C8D7FFCC215B4DEC000E78B0 /* Build configuration list for PBXNativeTarget "Queue List" */ = {
			isa = XCConfigurationList;
			buildConfigurations = (
				C8D7FFCD215B4DEC000E78B0 /* Debug */,
				C8D7FFCE215B4DEC000E78B0 /* Release */,
			);
			defaultConfigurationIsVisible = 0;
			defaultConfigurationName = Release;
		};
/* End XCConfigurationList section */
	};
	rootObject = C82560C121308454008DCB80 /* Project object */;
}
