// !$*UTF8*$!
{
	archiveVersion = 1;
	classes = {
	};
	objectVersion = 50;
	objects = {

/* Begin PBXBuildFile section */
		C80B17EA235F441600F87968 /* main.c in Sources */ = {isa = PBXBuildFile; fileRef = C80B17E9235F441600F87968 /* main.c */; };
		C80B17F0235F443700F87968 /* graph.c in Sources */ = {isa = PBXBuildFile; fileRef = C80B17EF235F443700F87968 /* graph.c */; };
		C80B17F8235F500900F87968 /* main.c in Sources */ = {isa = PBXBuildFile; fileRef = C80B17F7235F500900F87968 /* main.c */; };
		C80B17FE235F52CA00F87968 /* bstree.c in Sources */ = {isa = PBXBuildFile; fileRef = C80B17FD235F52CA00F87968 /* bstree.c */; };
		C8294B93233C797700DDB915 /* main.c in Sources */ = {isa = PBXBuildFile; fileRef = C8294B92233C797700DDB915 /* main.c */; };
		C8294BB2233C849A00DDB915 /* main.c in Sources */ = {isa = PBXBuildFile; fileRef = C8294BB1233C849A00DDB915 /* main.c */; };
		C88AD5BD230E54160088124D /* main.c in Sources */ = {isa = PBXBuildFile; fileRef = C88AD5BC230E54160088124D /* main.c */; };
		C8CF38F42332D30C00CD852C /* main.c in Sources */ = {isa = PBXBuildFile; fileRef = C8CF38F32332D30C00CD852C /* main.c */; };
		C8CF38FF23333E2300CD852C /* main.c in Sources */ = {isa = PBXBuildFile; fileRef = C8CF38FE23333E2300CD852C /* main.c */; };
		C8F17B7E232A022100108297 /* main.c in Sources */ = {isa = PBXBuildFile; fileRef = C8F17B7D232A022100108297 /* main.c */; };
		C8F17B89232A025D00108297 /* main.c in Sources */ = {isa = PBXBuildFile; fileRef = C8F17B88232A025D00108297 /* main.c */; };
/* End PBXBuildFile section */

/* Begin PBXCopyFilesBuildPhase section */
		C80B17E5235F441600F87968 /* CopyFiles */ = {
			isa = PBXCopyFilesBuildPhase;
			buildActionMask = 2147483647;
			dstPath = /usr/share/man/man1/;
			dstSubfolderSpec = 0;
			files = (
			);
			runOnlyForDeploymentPostprocessing = 1;
		};
		C80B17F3235F500900F87968 /* CopyFiles */ = {
			isa = PBXCopyFilesBuildPhase;
			buildActionMask = 2147483647;
			dstPath = /usr/share/man/man1/;
			dstSubfolderSpec = 0;
			files = (
			);
			runOnlyForDeploymentPostprocessing = 1;
		};
		C8294B8E233C797700DDB915 /* CopyFiles */ = {
			isa = PBXCopyFilesBuildPhase;
			buildActionMask = 2147483647;
			dstPath = /usr/share/man/man1/;
			dstSubfolderSpec = 0;
			files = (
			);
			runOnlyForDeploymentPostprocessing = 1;
		};
		C8294BAD233C849A00DDB915 /* CopyFiles */ = {
			isa = PBXCopyFilesBuildPhase;
			buildActionMask = 2147483647;
			dstPath = /usr/share/man/man1/;
			dstSubfolderSpec = 0;
			files = (
			);
			runOnlyForDeploymentPostprocessing = 1;
		};
		C88AD5B8230E54160088124D /* CopyFiles */ = {
			isa = PBXCopyFilesBuildPhase;
			buildActionMask = 2147483647;
			dstPath = /usr/share/man/man1/;
			dstSubfolderSpec = 0;
			files = (
			);
			runOnlyForDeploymentPostprocessing = 1;
		};
		C8CF38EF2332D30B00CD852C /* CopyFiles */ = {
			isa = PBXCopyFilesBuildPhase;
			buildActionMask = 2147483647;
			dstPath = /usr/share/man/man1/;
			dstSubfolderSpec = 0;
			files = (
			);
			runOnlyForDeploymentPostprocessing = 1;
		};
		C8CF38FA23333E2300CD852C /* CopyFiles */ = {
			isa = PBXCopyFilesBuildPhase;
			buildActionMask = 2147483647;
			dstPath = /usr/share/man/man1/;
			dstSubfolderSpec = 0;
			files = (
			);
			runOnlyForDeploymentPostprocessing = 1;
		};
		C8F17B79232A022100108297 /* CopyFiles */ = {
			isa = PBXCopyFilesBuildPhase;
			buildActionMask = 2147483647;
			dstPath = /usr/share/man/man1/;
			dstSubfolderSpec = 0;
			files = (
			);
			runOnlyForDeploymentPostprocessing = 1;
		};
		C8F17B84232A025D00108297 /* CopyFiles */ = {
			isa = PBXCopyFilesBuildPhase;
			buildActionMask = 2147483647;
			dstPath = /usr/share/man/man1/;
			dstSubfolderSpec = 0;
			files = (
			);
			runOnlyForDeploymentPostprocessing = 1;
		};
/* End PBXCopyFilesBuildPhase section */

/* Begin PBXFileReference section */
		C80B17E7235F441600F87968 /* Graph Traversal */ = {isa = PBXFileReference; explicitFileType = "compiled.mach-o.executable"; includeInIndex = 0; path = "Graph Traversal"; sourceTree = BUILT_PRODUCTS_DIR; };
		C80B17E9235F441600F87968 /* main.c */ = {isa = PBXFileReference; lastKnownFileType = sourcecode.c.c; path = main.c; sourceTree = "<group>"; };
		C80B17EE235F443700F87968 /* graph.h */ = {isa = PBXFileReference; lastKnownFileType = sourcecode.c.h; path = graph.h; sourceTree = "<group>"; };
		C80B17EF235F443700F87968 /* graph.c */ = {isa = PBXFileReference; lastKnownFileType = sourcecode.c.c; path = graph.c; sourceTree = "<group>"; };
		C80B17F5235F500900F87968 /* Tree Traversal */ = {isa = PBXFileReference; explicitFileType = "compiled.mach-o.executable"; includeInIndex = 0; path = "Tree Traversal"; sourceTree = BUILT_PRODUCTS_DIR; };
		C80B17F7235F500900F87968 /* main.c */ = {isa = PBXFileReference; lastKnownFileType = sourcecode.c.c; path = main.c; sourceTree = "<group>"; };
		C80B17FC235F52CA00F87968 /* bstree.h */ = {isa = PBXFileReference; lastKnownFileType = sourcecode.c.h; path = bstree.h; sourceTree = "<group>"; };
		C80B17FD235F52CA00F87968 /* bstree.c */ = {isa = PBXFileReference; lastKnownFileType = sourcecode.c.c; path = bstree.c; sourceTree = "<group>"; };
		C8294B90233C797700DDB915 /* Counting Sort */ = {isa = PBXFileReference; explicitFileType = "compiled.mach-o.executable"; includeInIndex = 0; path = "Counting Sort"; sourceTree = BUILT_PRODUCTS_DIR; };
		C8294B92233C797700DDB915 /* main.c */ = {isa = PBXFileReference; lastKnownFileType = sourcecode.c.c; path = main.c; sourceTree = "<group>"; };
		C8294BAF233C849A00DDB915 /* Heap Sort */ = {isa = PBXFileReference; explicitFileType = "compiled.mach-o.executable"; includeInIndex = 0; path = "Heap Sort"; sourceTree = BUILT_PRODUCTS_DIR; };
		C8294BB1233C849A00DDB915 /* main.c */ = {isa = PBXFileReference; lastKnownFileType = sourcecode.c.c; path = main.c; sourceTree = "<group>"; };
		C88AD5BA230E54160088124D /* Insertion Sort */ = {isa = PBXFileReference; explicitFileType = "compiled.mach-o.executable"; includeInIndex = 0; path = "Insertion Sort"; sourceTree = BUILT_PRODUCTS_DIR; };
		C88AD5BC230E54160088124D /* main.c */ = {isa = PBXFileReference; lastKnownFileType = sourcecode.c.c; path = main.c; sourceTree = "<group>"; };
		C8CF38F12332D30B00CD852C /* Quick Sort */ = {isa = PBXFileReference; explicitFileType = "compiled.mach-o.executable"; includeInIndex = 0; path = "Quick Sort"; sourceTree = BUILT_PRODUCTS_DIR; };
		C8CF38F32332D30C00CD852C /* main.c */ = {isa = PBXFileReference; lastKnownFileType = sourcecode.c.c; path = main.c; sourceTree = "<group>"; };
		C8CF38FC23333E2300CD852C /* Merge Sort */ = {isa = PBXFileReference; explicitFileType = "compiled.mach-o.executable"; includeInIndex = 0; path = "Merge Sort"; sourceTree = BUILT_PRODUCTS_DIR; };
		C8CF38FE23333E2300CD852C /* main.c */ = {isa = PBXFileReference; lastKnownFileType = sourcecode.c.c; path = main.c; sourceTree = "<group>"; };
		C8F17B7B232A022100108297 /* Selection Sort */ = {isa = PBXFileReference; explicitFileType = "compiled.mach-o.executable"; includeInIndex = 0; path = "Selection Sort"; sourceTree = BUILT_PRODUCTS_DIR; };
		C8F17B7D232A022100108297 /* main.c */ = {isa = PBXFileReference; lastKnownFileType = sourcecode.c.c; path = main.c; sourceTree = "<group>"; };
		C8F17B86232A025D00108297 /* Bubble Sort */ = {isa = PBXFileReference; explicitFileType = "compiled.mach-o.executable"; includeInIndex = 0; path = "Bubble Sort"; sourceTree = BUILT_PRODUCTS_DIR; };
		C8F17B88232A025D00108297 /* main.c */ = {isa = PBXFileReference; lastKnownFileType = sourcecode.c.c; path = main.c; sourceTree = "<group>"; };
/* End PBXFileReference section */

/* Begin PBXFrameworksBuildPhase section */
		C80B17E4235F441600F87968 /* Frameworks */ = {
			isa = PBXFrameworksBuildPhase;
			buildActionMask = 2147483647;
			files = (
			);
			runOnlyForDeploymentPostprocessing = 0;
		};
		C80B17F2235F500900F87968 /* Frameworks */ = {
			isa = PBXFrameworksBuildPhase;
			buildActionMask = 2147483647;
			files = (
			);
			runOnlyForDeploymentPostprocessing = 0;
		};
		C8294B8D233C797700DDB915 /* Frameworks */ = {
			isa = PBXFrameworksBuildPhase;
			buildActionMask = 2147483647;
			files = (
			);
			runOnlyForDeploymentPostprocessing = 0;
		};
		C8294BAC233C849A00DDB915 /* Frameworks */ = {
			isa = PBXFrameworksBuildPhase;
			buildActionMask = 2147483647;
			files = (
			);
			runOnlyForDeploymentPostprocessing = 0;
		};
		C88AD5B7230E54160088124D /* Frameworks */ = {
			isa = PBXFrameworksBuildPhase;
			buildActionMask = 2147483647;
			files = (
			);
			runOnlyForDeploymentPostprocessing = 0;
		};
		C8CF38EE2332D30B00CD852C /* Frameworks */ = {
			isa = PBXFrameworksBuildPhase;
			buildActionMask = 2147483647;
			files = (
			);
			runOnlyForDeploymentPostprocessing = 0;
		};
		C8CF38F923333E2300CD852C /* Frameworks */ = {
			isa = PBXFrameworksBuildPhase;
			buildActionMask = 2147483647;
			files = (
			);
			runOnlyForDeploymentPostprocessing = 0;
		};
		C8F17B78232A022100108297 /* Frameworks */ = {
			isa = PBXFrameworksBuildPhase;
			buildActionMask = 2147483647;
			files = (
			);
			runOnlyForDeploymentPostprocessing = 0;
		};
		C8F17B83232A025D00108297 /* Frameworks */ = {
			isa = PBXFrameworksBuildPhase;
			buildActionMask = 2147483647;
			files = (
			);
			runOnlyForDeploymentPostprocessing = 0;
		};
/* End PBXFrameworksBuildPhase section */

/* Begin PBXGroup section */
		C80B17E8235F441600F87968 /* Graph Traversal */ = {
			isa = PBXGroup;
			children = (
				C80B17E9235F441600F87968 /* main.c */,
				C80B17EE235F443700F87968 /* graph.h */,
				C80B17EF235F443700F87968 /* graph.c */,
			);
			path = "Graph Traversal";
			sourceTree = "<group>";
		};
		C80B17F6235F500900F87968 /* Tree Traversal */ = {
			isa = PBXGroup;
			children = (
				C80B17F7235F500900F87968 /* main.c */,
				C80B17FC235F52CA00F87968 /* bstree.h */,
				C80B17FD235F52CA00F87968 /* bstree.c */,
			);
			path = "Tree Traversal";
			sourceTree = "<group>";
		};
		C8294B91233C797700DDB915 /* Counting Sort */ = {
			isa = PBXGroup;
			children = (
				C8294B92233C797700DDB915 /* main.c */,
			);
			path = "Counting Sort";
			sourceTree = "<group>";
		};
		C8294BB0233C849A00DDB915 /* Heap Sort */ = {
			isa = PBXGroup;
			children = (
				C8294BB1233C849A00DDB915 /* main.c */,
			);
			path = "Heap Sort";
			sourceTree = "<group>";
		};
		C88AD5A3230E53EC0088124D = {
			isa = PBXGroup;
			children = (
				C88AD5BB230E54160088124D /* Insertion Sort */,
				C8F17B7C232A022100108297 /* Selection Sort */,
				C8F17B87232A025D00108297 /* Bubble Sort */,
				C8CF38F22332D30C00CD852C /* Quick Sort */,
				C8CF38FD23333E2300CD852C /* Merge Sort */,
				C8294B91233C797700DDB915 /* Counting Sort */,
				C8294BB0233C849A00DDB915 /* Heap Sort */,
				C80B17E8235F441600F87968 /* Graph Traversal */,
				C80B17F6235F500900F87968 /* Tree Traversal */,
				C88AD5AD230E53EC0088124D /* Products */,
			);
			sourceTree = "<group>";
		};
		C88AD5AD230E53EC0088124D /* Products */ = {
			isa = PBXGroup;
			children = (
				C88AD5BA230E54160088124D /* Insertion Sort */,
				C8F17B7B232A022100108297 /* Selection Sort */,
				C8F17B86232A025D00108297 /* Bubble Sort */,
				C8CF38F12332D30B00CD852C /* Quick Sort */,
				C8CF38FC23333E2300CD852C /* Merge Sort */,
				C8294B90233C797700DDB915 /* Counting Sort */,
				C8294BAF233C849A00DDB915 /* Heap Sort */,
				C80B17E7235F441600F87968 /* Graph Traversal */,
				C80B17F5235F500900F87968 /* Tree Traversal */,
			);
			name = Products;
			sourceTree = "<group>";
		};
		C88AD5BB230E54160088124D /* Insertion Sort */ = {
			isa = PBXGroup;
			children = (
				C88AD5BC230E54160088124D /* main.c */,
			);
			path = "Insertion Sort";
			sourceTree = "<group>";
		};
		C8CF38F22332D30C00CD852C /* Quick Sort */ = {
			isa = PBXGroup;
			children = (
				C8CF38F32332D30C00CD852C /* main.c */,
			);
			path = "Quick Sort";
			sourceTree = "<group>";
		};
		C8CF38FD23333E2300CD852C /* Merge Sort */ = {
			isa = PBXGroup;
			children = (
				C8CF38FE23333E2300CD852C /* main.c */,
			);
			path = "Merge Sort";
			sourceTree = "<group>";
		};
		C8F17B7C232A022100108297 /* Selection Sort */ = {
			isa = PBXGroup;
			children = (
				C8F17B7D232A022100108297 /* main.c */,
			);
			path = "Selection Sort";
			sourceTree = "<group>";
		};
		C8F17B87232A025D00108297 /* Bubble Sort */ = {
			isa = PBXGroup;
			children = (
				C8F17B88232A025D00108297 /* main.c */,
			);
			path = "Bubble Sort";
			sourceTree = "<group>";
		};
/* End PBXGroup section */

/* Begin PBXNativeTarget section */
		C80B17E6235F441600F87968 /* Graph Traversal */ = {
			isa = PBXNativeTarget;
			buildConfigurationList = C80B17ED235F441600F87968 /* Build configuration list for PBXNativeTarget "Graph Traversal" */;
			buildPhases = (
				C80B17E3235F441600F87968 /* Sources */,
				C80B17E4235F441600F87968 /* Frameworks */,
				C80B17E5235F441600F87968 /* CopyFiles */,
			);
			buildRules = (
			);
			dependencies = (
			);
			name = "Graph Traversal";
			productName = "Graph Traversal";
			productReference = C80B17E7235F441600F87968 /* Graph Traversal */;
			productType = "com.apple.product-type.tool";
		};
		C80B17F4235F500900F87968 /* Tree Traversal */ = {
			isa = PBXNativeTarget;
			buildConfigurationList = C80B17F9235F500900F87968 /* Build configuration list for PBXNativeTarget "Tree Traversal" */;
			buildPhases = (
				C80B17F1235F500900F87968 /* Sources */,
				C80B17F2235F500900F87968 /* Frameworks */,
				C80B17F3235F500900F87968 /* CopyFiles */,
			);
			buildRules = (
			);
			dependencies = (
			);
			name = "Tree Traversal";
			productName = "Tree Traversal";
			productReference = C80B17F5235F500900F87968 /* Tree Traversal */;
			productType = "com.apple.product-type.tool";
		};
		C8294B8F233C797700DDB915 /* Counting Sort */ = {
			isa = PBXNativeTarget;
			buildConfigurationList = C8294B96233C797700DDB915 /* Build configuration list for PBXNativeTarget "Counting Sort" */;
			buildPhases = (
				C8294B8C233C797700DDB915 /* Sources */,
				C8294B8D233C797700DDB915 /* Frameworks */,
				C8294B8E233C797700DDB915 /* CopyFiles */,
			);
			buildRules = (
			);
			dependencies = (
			);
			name = "Counting Sort";
			productName = "Counting Sort";
			productReference = C8294B90233C797700DDB915 /* Counting Sort */;
			productType = "com.apple.product-type.tool";
		};
		C8294BAE233C849A00DDB915 /* Heap Sort */ = {
			isa = PBXNativeTarget;
			buildConfigurationList = C8294BB5233C849A00DDB915 /* Build configuration list for PBXNativeTarget "Heap Sort" */;
			buildPhases = (
				C8294BAB233C849A00DDB915 /* Sources */,
				C8294BAC233C849A00DDB915 /* Frameworks */,
				C8294BAD233C849A00DDB915 /* CopyFiles */,
			);
			buildRules = (
			);
			dependencies = (
			);
			name = "Heap Sort";
			productName = "Heap Sort";
			productReference = C8294BAF233C849A00DDB915 /* Heap Sort */;
			productType = "com.apple.product-type.tool";
		};
		C88AD5B9230E54160088124D /* Insertion Sort */ = {
			isa = PBXNativeTarget;
			buildConfigurationList = C88AD5BE230E54160088124D /* Build configuration list for PBXNativeTarget "Insertion Sort" */;
			buildPhases = (
				C88AD5B6230E54160088124D /* Sources */,
				C88AD5B7230E54160088124D /* Frameworks */,
				C88AD5B8230E54160088124D /* CopyFiles */,
			);
			buildRules = (
			);
			dependencies = (
			);
			name = "Insertion Sort";
			productName = "Insertion Sort";
			productReference = C88AD5BA230E54160088124D /* Insertion Sort */;
			productType = "com.apple.product-type.tool";
		};
		C8CF38F02332D30B00CD852C /* Quick Sort */ = {
			isa = PBXNativeTarget;
			buildConfigurationList = C8CF38F72332D30C00CD852C /* Build configuration list for PBXNativeTarget "Quick Sort" */;
			buildPhases = (
				C8CF38ED2332D30B00CD852C /* Sources */,
				C8CF38EE2332D30B00CD852C /* Frameworks */,
				C8CF38EF2332D30B00CD852C /* CopyFiles */,
			);
			buildRules = (
			);
			dependencies = (
			);
			name = "Quick Sort";
			productName = "Quick Sort";
			productReference = C8CF38F12332D30B00CD852C /* Quick Sort */;
			productType = "com.apple.product-type.tool";
		};
		C8CF38FB23333E2300CD852C /* Merge Sort */ = {
			isa = PBXNativeTarget;
			buildConfigurationList = C8CF390223333E2300CD852C /* Build configuration list for PBXNativeTarget "Merge Sort" */;
			buildPhases = (
				C8CF38F823333E2300CD852C /* Sources */,
				C8CF38F923333E2300CD852C /* Frameworks */,
				C8CF38FA23333E2300CD852C /* CopyFiles */,
			);
			buildRules = (
			);
			dependencies = (
			);
			name = "Merge Sort";
			productName = "Merge Sort";
			productReference = C8CF38FC23333E2300CD852C /* Merge Sort */;
			productType = "com.apple.product-type.tool";
		};
		C8F17B7A232A022100108297 /* Selection Sort */ = {
			isa = PBXNativeTarget;
			buildConfigurationList = C8F17B81232A022100108297 /* Build configuration list for PBXNativeTarget "Selection Sort" */;
			buildPhases = (
				C8F17B77232A022100108297 /* Sources */,
				C8F17B78232A022100108297 /* Frameworks */,
				C8F17B79232A022100108297 /* CopyFiles */,
			);
			buildRules = (
			);
			dependencies = (
			);
			name = "Selection Sort";
			productName = "Selection Sort";
			productReference = C8F17B7B232A022100108297 /* Selection Sort */;
			productType = "com.apple.product-type.tool";
		};
		C8F17B85232A025D00108297 /* Bubble Sort */ = {
			isa = PBXNativeTarget;
			buildConfigurationList = C8F17B8A232A025D00108297 /* Build configuration list for PBXNativeTarget "Bubble Sort" */;
			buildPhases = (
				C8F17B82232A025D00108297 /* Sources */,
				C8F17B83232A025D00108297 /* Frameworks */,
				C8F17B84232A025D00108297 /* CopyFiles */,
			);
			buildRules = (
			);
			dependencies = (
			);
			name = "Bubble Sort";
			productName = "Bubble Sort";
			productReference = C8F17B86232A025D00108297 /* Bubble Sort */;
			productType = "com.apple.product-type.tool";
		};
/* End PBXNativeTarget section */

/* Begin PBXProject section */
		C88AD5A4230E53EC0088124D /* Project object */ = {
			isa = PBXProject;
			attributes = {
				LastUpgradeCheck = 1030;
				ORGANIZATIONNAME = "Swarup Ghosh";
				TargetAttributes = {
					C80B17E6235F441600F87968 = {
						CreatedOnToolsVersion = 10.3;
					};
					C80B17F4235F500900F87968 = {
						CreatedOnToolsVersion = 10.3;
					};
					C8294B8F233C797700DDB915 = {
						CreatedOnToolsVersion = 10.3;
					};
					C8294BAE233C849A00DDB915 = {
						CreatedOnToolsVersion = 10.3;
					};
					C88AD5B9230E54160088124D = {
						CreatedOnToolsVersion = 10.3;
					};
					C8CF38F02332D30B00CD852C = {
						CreatedOnToolsVersion = 10.3;
					};
					C8CF38FB23333E2300CD852C = {
						CreatedOnToolsVersion = 10.3;
					};
					C8F17B7A232A022100108297 = {
						CreatedOnToolsVersion = 10.3;
					};
					C8F17B85232A025D00108297 = {
						CreatedOnToolsVersion = 10.3;
					};
				};
			};
			buildConfigurationList = C88AD5A7230E53EC0088124D /* Build configuration list for PBXProject "DAA" */;
			compatibilityVersion = "Xcode 9.3";
			developmentRegion = en;
			hasScannedForEncodings = 0;
			knownRegions = (
				en,
			);
			mainGroup = C88AD5A3230E53EC0088124D;
			productRefGroup = C88AD5AD230E53EC0088124D /* Products */;
			projectDirPath = "";
			projectRoot = "";
			targets = (
				C88AD5B9230E54160088124D /* Insertion Sort */,
				C8F17B7A232A022100108297 /* Selection Sort */,
				C8F17B85232A025D00108297 /* Bubble Sort */,
				C8CF38F02332D30B00CD852C /* Quick Sort */,
				C8CF38FB23333E2300CD852C /* Merge Sort */,
				C8294B8F233C797700DDB915 /* Counting Sort */,
				C8294BAE233C849A00DDB915 /* Heap Sort */,
				C80B17E6235F441600F87968 /* Graph Traversal */,
				C80B17F4235F500900F87968 /* Tree Traversal */,
			);
		};
/* End PBXProject section */

/* Begin PBXSourcesBuildPhase section */
		C80B17E3235F441600F87968 /* Sources */ = {
			isa = PBXSourcesBuildPhase;
			buildActionMask = 2147483647;
			files = (
				C80B17F0235F443700F87968 /* graph.c in Sources */,
				C80B17EA235F441600F87968 /* main.c in Sources */,
			);
			runOnlyForDeploymentPostprocessing = 0;
		};
		C80B17F1235F500900F87968 /* Sources */ = {
			isa = PBXSourcesBuildPhase;
			buildActionMask = 2147483647;
			files = (
				C80B17FE235F52CA00F87968 /* bstree.c in Sources */,
				C80B17F8235F500900F87968 /* main.c in Sources */,
			);
			runOnlyForDeploymentPostprocessing = 0;
		};
		C8294B8C233C797700DDB915 /* Sources */ = {
			isa = PBXSourcesBuildPhase;
			buildActionMask = 2147483647;
			files = (
				C8294B93233C797700DDB915 /* main.c in Sources */,
			);
			runOnlyForDeploymentPostprocessing = 0;
		};
		C8294BAB233C849A00DDB915 /* Sources */ = {
			isa = PBXSourcesBuildPhase;
			buildActionMask = 2147483647;
			files = (
				C8294BB2233C849A00DDB915 /* main.c in Sources */,
			);
			runOnlyForDeploymentPostprocessing = 0;
		};
		C88AD5B6230E54160088124D /* Sources */ = {
			isa = PBXSourcesBuildPhase;
			buildActionMask = 2147483647;
			files = (
				C88AD5BD230E54160088124D /* main.c in Sources */,
			);
			runOnlyForDeploymentPostprocessing = 0;
		};
		C8CF38ED2332D30B00CD852C /* Sources */ = {
			isa = PBXSourcesBuildPhase;
			buildActionMask = 2147483647;
			files = (
				C8CF38F42332D30C00CD852C /* main.c in Sources */,
			);
			runOnlyForDeploymentPostprocessing = 0;
		};
		C8CF38F823333E2300CD852C /* Sources */ = {
			isa = PBXSourcesBuildPhase;
			buildActionMask = 2147483647;
			files = (
				C8CF38FF23333E2300CD852C /* main.c in Sources */,
			);
			runOnlyForDeploymentPostprocessing = 0;
		};
		C8F17B77232A022100108297 /* Sources */ = {
			isa = PBXSourcesBuildPhase;
			buildActionMask = 2147483647;
			files = (
				C8F17B7E232A022100108297 /* main.c in Sources */,
			);
			runOnlyForDeploymentPostprocessing = 0;
		};
		C8F17B82232A025D00108297 /* Sources */ = {
			isa = PBXSourcesBuildPhase;
			buildActionMask = 2147483647;
			files = (
				C8F17B89232A025D00108297 /* main.c in Sources */,
			);
			runOnlyForDeploymentPostprocessing = 0;
		};
/* End PBXSourcesBuildPhase section */

/* Begin XCBuildConfiguration section */
		C80B17EB235F441600F87968 /* Debug */ = {
			isa = XCBuildConfiguration;
			buildSettings = {
				CODE_SIGN_STYLE = Automatic;
				DEVELOPMENT_TEAM = 687NW7TG3Z;
				MACOSX_DEPLOYMENT_TARGET = 10.15;
				PRODUCT_NAME = "$(TARGET_NAME)";
			};
			name = Debug;
		};
		C80B17EC235F441600F87968 /* Release */ = {
			isa = XCBuildConfiguration;
			buildSettings = {
				CODE_SIGN_STYLE = Automatic;
				DEVELOPMENT_TEAM = 687NW7TG3Z;
				MACOSX_DEPLOYMENT_TARGET = 10.15;
				PRODUCT_NAME = "$(TARGET_NAME)";
			};
			name = Release;
		};
		C80B17FA235F500900F87968 /* Debug */ = {
			isa = XCBuildConfiguration;
			buildSettings = {
				CODE_SIGN_STYLE = Automatic;
				DEVELOPMENT_TEAM = 687NW7TG3Z;
				MACOSX_DEPLOYMENT_TARGET = 10.15;
				PRODUCT_NAME = "$(TARGET_NAME)";
			};
			name = Debug;
		};
		C80B17FB235F500900F87968 /* Release */ = {
			isa = XCBuildConfiguration;
			buildSettings = {
				CODE_SIGN_STYLE = Automatic;
				DEVELOPMENT_TEAM = 687NW7TG3Z;
				MACOSX_DEPLOYMENT_TARGET = 10.15;
				PRODUCT_NAME = "$(TARGET_NAME)";
			};
			name = Release;
		};
		C8294B94233C797700DDB915 /* Debug */ = {
			isa = XCBuildConfiguration;
			buildSettings = {
				CODE_SIGN_STYLE = Automatic;
				DEVELOPMENT_TEAM = 687NW7TG3Z;
				PRODUCT_NAME = "$(TARGET_NAME)";
			};
			name = Debug;
		};
		C8294B95233C797700DDB915 /* Release */ = {
			isa = XCBuildConfiguration;
			buildSettings = {
				CODE_SIGN_STYLE = Automatic;
				DEVELOPMENT_TEAM = 687NW7TG3Z;
				PRODUCT_NAME = "$(TARGET_NAME)";
			};
			name = Release;
		};
		C8294BB3233C849A00DDB915 /* Debug */ = {
			isa = XCBuildConfiguration;
			buildSettings = {
				CODE_SIGN_STYLE = Automatic;
				DEVELOPMENT_TEAM = 687NW7TG3Z;
				PRODUCT_NAME = "$(TARGET_NAME)";
			};
			name = Debug;
		};
		C8294BB4233C849A00DDB915 /* Release */ = {
			isa = XCBuildConfiguration;
			buildSettings = {
				CODE_SIGN_STYLE = Automatic;
				DEVELOPMENT_TEAM = 687NW7TG3Z;
				PRODUCT_NAME = "$(TARGET_NAME)";
			};
			name = Release;
		};
		C88AD5B1230E53EC0088124D /* Debug */ = {
			isa = XCBuildConfiguration;
			buildSettings = {
				ALWAYS_SEARCH_USER_PATHS = NO;
				CLANG_ANALYZER_NONNULL = YES;
				CLANG_ANALYZER_NUMBER_OBJECT_CONVERSION = YES_AGGRESSIVE;
				CLANG_CXX_LANGUAGE_STANDARD = "gnu++14";
				CLANG_CXX_LIBRARY = "libc++";
				CLANG_ENABLE_MODULES = YES;
				CLANG_ENABLE_OBJC_ARC = YES;
				CLANG_ENABLE_OBJC_WEAK = YES;
				CLANG_WARN_BLOCK_CAPTURE_AUTORELEASING = YES;
				CLANG_WARN_BOOL_CONVERSION = YES;
				CLANG_WARN_COMMA = YES;
				CLANG_WARN_CONSTANT_CONVERSION = YES;
				CLANG_WARN_DEPRECATED_OBJC_IMPLEMENTATIONS = YES;
				CLANG_WARN_DIRECT_OBJC_ISA_USAGE = YES_ERROR;
				CLANG_WARN_DOCUMENTATION_COMMENTS = YES;
				CLANG_WARN_EMPTY_BODY = YES;
				CLANG_WARN_ENUM_CONVERSION = YES;
				CLANG_WARN_INFINITE_RECURSION = YES;
				CLANG_WARN_INT_CONVERSION = YES;
				CLANG_WARN_NON_LITERAL_NULL_CONVERSION = YES;
				CLANG_WARN_OBJC_IMPLICIT_RETAIN_SELF = YES;
				CLANG_WARN_OBJC_LITERAL_CONVERSION = YES;
				CLANG_WARN_OBJC_ROOT_CLASS = YES_ERROR;
				CLANG_WARN_RANGE_LOOP_ANALYSIS = YES;
				CLANG_WARN_STRICT_PROTOTYPES = YES;
				CLANG_WARN_SUSPICIOUS_MOVE = YES;
				CLANG_WARN_UNGUARDED_AVAILABILITY = YES_AGGRESSIVE;
				CLANG_WARN_UNREACHABLE_CODE = YES;
				CLANG_WARN__DUPLICATE_METHOD_MATCH = YES;
				CODE_SIGN_IDENTITY = "Mac Developer";
				COPY_PHASE_STRIP = NO;
				DEBUG_INFORMATION_FORMAT = dwarf;
				ENABLE_STRICT_OBJC_MSGSEND = YES;
				ENABLE_TESTABILITY = YES;
				GCC_C_LANGUAGE_STANDARD = gnu11;
				GCC_DYNAMIC_NO_PIC = NO;
				GCC_NO_COMMON_BLOCKS = YES;
				GCC_OPTIMIZATION_LEVEL = 0;
				GCC_PREPROCESSOR_DEFINITIONS = (
					"DEBUG=1",
					"$(inherited)",
				);
				GCC_WARN_64_TO_32_BIT_CONVERSION = YES;
				GCC_WARN_ABOUT_RETURN_TYPE = YES_ERROR;
				GCC_WARN_UNDECLARED_SELECTOR = YES;
				GCC_WARN_UNINITIALIZED_AUTOS = YES_AGGRESSIVE;
				GCC_WARN_UNUSED_FUNCTION = YES;
				GCC_WARN_UNUSED_VARIABLE = YES;
				MACOSX_DEPLOYMENT_TARGET = 10.14;
				MTL_ENABLE_DEBUG_INFO = INCLUDE_SOURCE;
				MTL_FAST_MATH = YES;
				ONLY_ACTIVE_ARCH = YES;
				SDKROOT = macosx;
			};
			name = Debug;
		};
		C88AD5B2230E53EC0088124D /* Release */ = {
			isa = XCBuildConfiguration;
			buildSettings = {
				ALWAYS_SEARCH_USER_PATHS = NO;
				CLANG_ANALYZER_NONNULL = YES;
				CLANG_ANALYZER_NUMBER_OBJECT_CONVERSION = YES_AGGRESSIVE;
				CLANG_CXX_LANGUAGE_STANDARD = "gnu++14";
				CLANG_CXX_LIBRARY = "libc++";
				CLANG_ENABLE_MODULES = YES;
				CLANG_ENABLE_OBJC_ARC = YES;
				CLANG_ENABLE_OBJC_WEAK = YES;
				CLANG_WARN_BLOCK_CAPTURE_AUTORELEASING = YES;
				CLANG_WARN_BOOL_CONVERSION = YES;
				CLANG_WARN_COMMA = YES;
				CLANG_WARN_CONSTANT_CONVERSION = YES;
				CLANG_WARN_DEPRECATED_OBJC_IMPLEMENTATIONS = YES;
				CLANG_WARN_DIRECT_OBJC_ISA_USAGE = YES_ERROR;
				CLANG_WARN_DOCUMENTATION_COMMENTS = YES;
				CLANG_WARN_EMPTY_BODY = YES;
				CLANG_WARN_ENUM_CONVERSION = YES;
				CLANG_WARN_INFINITE_RECURSION = YES;
				CLANG_WARN_INT_CONVERSION = YES;
				CLANG_WARN_NON_LITERAL_NULL_CONVERSION = YES;
				CLANG_WARN_OBJC_IMPLICIT_RETAIN_SELF = YES;
				CLANG_WARN_OBJC_LITERAL_CONVERSION = YES;
				CLANG_WARN_OBJC_ROOT_CLASS = YES_ERROR;
				CLANG_WARN_RANGE_LOOP_ANALYSIS = YES;
				CLANG_WARN_STRICT_PROTOTYPES = YES;
				CLANG_WARN_SUSPICIOUS_MOVE = YES;
				CLANG_WARN_UNGUARDED_AVAILABILITY = YES_AGGRESSIVE;
				CLANG_WARN_UNREACHABLE_CODE = YES;
				CLANG_WARN__DUPLICATE_METHOD_MATCH = YES;
				CODE_SIGN_IDENTITY = "Mac Developer";
				COPY_PHASE_STRIP = NO;
				DEBUG_INFORMATION_FORMAT = "dwarf-with-dsym";
				ENABLE_NS_ASSERTIONS = NO;
				ENABLE_STRICT_OBJC_MSGSEND = YES;
				GCC_C_LANGUAGE_STANDARD = gnu11;
				GCC_NO_COMMON_BLOCKS = YES;
				GCC_WARN_64_TO_32_BIT_CONVERSION = YES;
				GCC_WARN_ABOUT_RETURN_TYPE = YES_ERROR;
				GCC_WARN_UNDECLARED_SELECTOR = YES;
				GCC_WARN_UNINITIALIZED_AUTOS = YES_AGGRESSIVE;
				GCC_WARN_UNUSED_FUNCTION = YES;
				GCC_WARN_UNUSED_VARIABLE = YES;
				MACOSX_DEPLOYMENT_TARGET = 10.14;
				MTL_ENABLE_DEBUG_INFO = NO;
				MTL_FAST_MATH = YES;
				SDKROOT = macosx;
			};
			name = Release;
		};
		C88AD5BF230E54160088124D /* Debug */ = {
			isa = XCBuildConfiguration;
			buildSettings = {
				CODE_SIGN_STYLE = Automatic;
				DEVELOPMENT_TEAM = 687NW7TG3Z;
				PRODUCT_NAME = "$(TARGET_NAME)";
			};
			name = Debug;
		};
		C88AD5C0230E54160088124D /* Release */ = {
			isa = XCBuildConfiguration;
			buildSettings = {
				CODE_SIGN_STYLE = Automatic;
				DEVELOPMENT_TEAM = 687NW7TG3Z;
				PRODUCT_NAME = "$(TARGET_NAME)";
			};
			name = Release;
		};
		C8CF38F52332D30C00CD852C /* Debug */ = {
			isa = XCBuildConfiguration;
			buildSettings = {
				CODE_SIGN_STYLE = Automatic;
				DEVELOPMENT_TEAM = 687NW7TG3Z;
				PRODUCT_NAME = "$(TARGET_NAME)";
			};
			name = Debug;
		};
		C8CF38F62332D30C00CD852C /* Release */ = {
			isa = XCBuildConfiguration;
			buildSettings = {
				CODE_SIGN_STYLE = Automatic;
				DEVELOPMENT_TEAM = 687NW7TG3Z;
				PRODUCT_NAME = "$(TARGET_NAME)";
			};
			name = Release;
		};
		C8CF390023333E2300CD852C /* Debug */ = {
			isa = XCBuildConfiguration;
			buildSettings = {
				CODE_SIGN_STYLE = Automatic;
				DEVELOPMENT_TEAM = 687NW7TG3Z;
				PRODUCT_NAME = "$(TARGET_NAME)";
			};
			name = Debug;
		};
		C8CF390123333E2300CD852C /* Release */ = {
			isa = XCBuildConfiguration;
			buildSettings = {
				CODE_SIGN_STYLE = Automatic;
				DEVELOPMENT_TEAM = 687NW7TG3Z;
				PRODUCT_NAME = "$(TARGET_NAME)";
			};
			name = Release;
		};
		C8F17B7F232A022100108297 /* Debug */ = {
			isa = XCBuildConfiguration;
			buildSettings = {
				CODE_SIGN_STYLE = Automatic;
				DEVELOPMENT_TEAM = 687NW7TG3Z;
				PRODUCT_NAME = "$(TARGET_NAME)";
			};
			name = Debug;
		};
		C8F17B80232A022100108297 /* Release */ = {
			isa = XCBuildConfiguration;
			buildSettings = {
				CODE_SIGN_STYLE = Automatic;
				DEVELOPMENT_TEAM = 687NW7TG3Z;
				PRODUCT_NAME = "$(TARGET_NAME)";
			};
			name = Release;
		};
		C8F17B8B232A025D00108297 /* Debug */ = {
			isa = XCBuildConfiguration;
			buildSettings = {
				CODE_SIGN_STYLE = Automatic;
				DEVELOPMENT_TEAM = 687NW7TG3Z;
				PRODUCT_NAME = "$(TARGET_NAME)";
			};
			name = Debug;
		};
		C8F17B8C232A025D00108297 /* Release */ = {
			isa = XCBuildConfiguration;
			buildSettings = {
				CODE_SIGN_STYLE = Automatic;
				DEVELOPMENT_TEAM = 687NW7TG3Z;
				PRODUCT_NAME = "$(TARGET_NAME)";
			};
			name = Release;
		};
/* End XCBuildConfiguration section */

/* Begin XCConfigurationList section */
		C80B17ED235F441600F87968 /* Build configuration list for PBXNativeTarget "Graph Traversal" */ = {
			isa = XCConfigurationList;
			buildConfigurations = (
				C80B17EB235F441600F87968 /* Debug */,
				C80B17EC235F441600F87968 /* Release */,
			);
			defaultConfigurationIsVisible = 0;
			defaultConfigurationName = Release;
		};
		C80B17F9235F500900F87968 /* Build configuration list for PBXNativeTarget "Tree Traversal" */ = {
			isa = XCConfigurationList;
			buildConfigurations = (
				C80B17FA235F500900F87968 /* Debug */,
				C80B17FB235F500900F87968 /* Release */,
			);
			defaultConfigurationIsVisible = 0;
			defaultConfigurationName = Release;
		};
		C8294B96233C797700DDB915 /* Build configuration list for PBXNativeTarget "Counting Sort" */ = {
			isa = XCConfigurationList;
			buildConfigurations = (
				C8294B94233C797700DDB915 /* Debug */,
				C8294B95233C797700DDB915 /* Release */,
			);
			defaultConfigurationIsVisible = 0;
			defaultConfigurationName = Release;
		};
		C8294BB5233C849A00DDB915 /* Build configuration list for PBXNativeTarget "Heap Sort" */ = {
			isa = XCConfigurationList;
			buildConfigurations = (
				C8294BB3233C849A00DDB915 /* Debug */,
				C8294BB4233C849A00DDB915 /* Release */,
			);
			defaultConfigurationIsVisible = 0;
			defaultConfigurationName = Release;
		};
		C88AD5A7230E53EC0088124D /* Build configuration list for PBXProject "DAA" */ = {
			isa = XCConfigurationList;
			buildConfigurations = (
				C88AD5B1230E53EC0088124D /* Debug */,
				C88AD5B2230E53EC0088124D /* Release */,
			);
			defaultConfigurationIsVisible = 0;
			defaultConfigurationName = Release;
		};
		C88AD5BE230E54160088124D /* Build configuration list for PBXNativeTarget "Insertion Sort" */ = {
			isa = XCConfigurationList;
			buildConfigurations = (
				C88AD5BF230E54160088124D /* Debug */,
				C88AD5C0230E54160088124D /* Release */,
			);
			defaultConfigurationIsVisible = 0;
			defaultConfigurationName = Release;
		};
		C8CF38F72332D30C00CD852C /* Build configuration list for PBXNativeTarget "Quick Sort" */ = {
			isa = XCConfigurationList;
			buildConfigurations = (
				C8CF38F52332D30C00CD852C /* Debug */,
				C8CF38F62332D30C00CD852C /* Release */,
			);
			defaultConfigurationIsVisible = 0;
			defaultConfigurationName = Release;
		};
		C8CF390223333E2300CD852C /* Build configuration list for PBXNativeTarget "Merge Sort" */ = {
			isa = XCConfigurationList;
			buildConfigurations = (
				C8CF390023333E2300CD852C /* Debug */,
				C8CF390123333E2300CD852C /* Release */,
			);
			defaultConfigurationIsVisible = 0;
			defaultConfigurationName = Release;
		};
		C8F17B81232A022100108297 /* Build configuration list for PBXNativeTarget "Selection Sort" */ = {
			isa = XCConfigurationList;
			buildConfigurations = (
				C8F17B7F232A022100108297 /* Debug */,
				C8F17B80232A022100108297 /* Release */,
			);
			defaultConfigurationIsVisible = 0;
			defaultConfigurationName = Release;
		};
		C8F17B8A232A025D00108297 /* Build configuration list for PBXNativeTarget "Bubble Sort" */ = {
			isa = XCConfigurationList;
			buildConfigurations = (
				C8F17B8B232A025D00108297 /* Debug */,
				C8F17B8C232A025D00108297 /* Release */,
			);
			defaultConfigurationIsVisible = 0;
			defaultConfigurationName = Release;
		};
/* End XCConfigurationList section */
	};
	rootObject = C88AD5A4230E53EC0088124D /* Project object */;
}
